
Microsoft Visual Studio Solution File, Format Version 12.00
# Visual Studio 2012
Project("{FAE04EC0-301F-11D3-BF4B-00C04F79EFBC}") = "MailOrder", "GetMallOrderMailForMarks\mailOrder\MailOrder.csproj", "{C5E6CF29-852F-4CC2-AA0B-9D9FC2435D79}"
EndProject
Project("{FAE04EC0-301F-11D3-BF4B-00C04F79EFBC}") = "w2.App.Common", "..\..\Commons\w2.App.Common\w2.App.Common.csproj", "{3BE0C84D-FF68-4882-93DB-EE6120355E5D}"
EndProject
Project("{FAE04EC0-301F-11D3-BF4B-00C04F79EFBC}") = "w2.Common", "..\..\Commons\w2.Common\w2.Common.csproj", "{34CB062A-ECB9-448C-9A71-72A0B9D8E1E4}"
EndProject
Project("{FAE04EC0-301F-11D3-BF4B-00C04F79EFBC}") = "w2.Database.Common", "..\..\Commons\w2.Database.Common\w2.Database.Common.csproj", "{557DCFEE-57B0-48CC-A503-9613F5C7DB2E}"
EndProject
Project("{FAE04EC0-301F-11D3-BF4B-00C04F79EFBC}") = "w2.CustomerResources", "..\..\Commons\w2.CustomerResources\w2.CustomerResources.csproj", "{90A4C9CA-3762-4A67-8210-CCC63B78848F}"
EndProject
Project("{FAE04EC0-301F-11D3-BF4B-00C04F79EFBC}") = "MailOrderGetter", "GetMallOrderMailForMarks\MailOrderGetter\MailOrderGetter.csproj", "{592C0BCC-4E6F-451E-9D62-4895E1B3C1BE}"
EndProject
Project("{FAE04EC0-301F-11D3-BF4B-00C04F79EFBC}") = "PopGet", "GetMallOrderMailForMarks\PopGet\PopGet.csproj", "{F4BC391B-1DAF-40C5-89C7-6D61E96C4781}"
EndProject
Project("{FAE04EC0-301F-11D3-BF4B-00C04F79EFBC}") = "w2.Domain", "..\..\Commons\w2.Domain\w2.Domain.csproj", "{5445DA03-0BFF-4948-9609-BC3C98F933AF}"
EndProject
Project("{FAE04EC0-301F-11D3-BF4B-00C04F79EFBC}") = "w2.Cryptography", "..\..\Commons\w2.Cryptography\w2.Cryptography.csproj", "{BA55BDA0-8955-4762-9812-59E367B6C60B}"
EndProject
Project("{FAE04EC0-301F-11D3-BF4B-00C04F79EFBC}") = "w2.Plugin", "..\..\Commons\w2.Plugin\w2.Plugin.csproj", "{35840481-B90C-44AD-8017-E494CDDE1D3D}"
EndProject
Global
	GlobalSection(TeamFoundationVersionControl) = preSolution
		SccNumberOfProjects = 11
		SccEnterpriseProvider = {4CA58AB2-18FA-4F8D-95D4-32DDF27D184C}
		SccTeamFoundationServer = http://w2server02:8080/tfs/packagev5
		SccLocalPath0 = .
		SccProjectUniqueName1 = ..\\..\\Commons\\w2.App.Common\\w2.App.Common.csproj
		SccProjectName1 = ../../Commons/w2.App.Common
		SccLocalPath1 = ..\\..\\Commons\\w2.App.Common
		SccProjectUniqueName2 = ..\\..\\Commons\\w2.Common\\w2.Common.csproj
		SccProjectName2 = ../../Commons/w2.Common
		SccLocalPath2 = ..\\..\\Commons\\w2.Common
		SccProjectUniqueName3 = ..\\..\\Commons\\w2.Database.Common\\w2.Database.Common.csproj
		SccProjectName3 = ../../Commons/w2.Database.Common
		SccLocalPath3 = ..\\..\\Commons\\w2.Database.Common
		SccProjectUniqueName4 = GetMallOrderMailForMarks\\mailOrder\\MailOrder.csproj
		SccProjectName4 = GetMallOrderMailForMarks/mailOrder
		SccLocalPath4 = GetMallOrderMailForMarks\\mailOrder
		SccProjectUniqueName5 = ..\\..\\Commons\\w2.CustomerResources\\w2.CustomerResources.csproj
		SccProjectName5 = ../../Commons/w2.CustomerResources
		SccLocalPath5 = ..\\..\\Commons\\w2.CustomerResources
		SccProjectUniqueName6 = GetMallOrderMailForMarks\\MailOrderGetter\\MailOrderGetter.csproj
		SccProjectName6 = GetMallOrderMailForMarks/MailOrderGetter
		SccLocalPath6 = GetMallOrderMailForMarks\\MailOrderGetter
		SccProjectUniqueName7 = GetMallOrderMailForMarks\\PopGet\\PopGet.csproj
		SccProjectName7 = GetMallOrderMailForMarks/PopGet
		SccLocalPath7 = GetMallOrderMailForMarks\\PopGet
		SccProjectUniqueName8 = ..\\..\\Commons\\w2.Domain\\w2.Domain.csproj
		SccProjectName8 = ../../Commons/w2.Domain
		SccLocalPath8 = ..\\..\\Commons\\w2.Domain
		SccProjectUniqueName9 = ..\\..\\Commons\\w2.Cryptography\\w2.Cryptography.csproj
		SccProjectName9 = ../../Commons/w2.Cryptography
		SccLocalPath9 = ..\\..\\Commons\\w2.Cryptography
		SccProjectUniqueName10 = ..\\..\\Commons\\w2.Plugin\\w2.Plugin.csproj
		SccProjectName10 = ../../Commons/w2.Plugin
		SccLocalPath10 = ..\\..\\Commons\\w2.Plugin
	EndGlobalSection
	GlobalSection(SolutionConfigurationPlatforms) = preSolution
		Debug|Any CPU = Debug|Any CPU
		Release|Any CPU = Release|Any CPU
	EndGlobalSection
	GlobalSection(ProjectConfigurationPlatforms) = postSolution
		{C5E6CF29-852F-4CC2-AA0B-9D9FC2435D79}.Debug|Any CPU.ActiveCfg = Debug|Any CPU
		{C5E6CF29-852F-4CC2-AA0B-9D9FC2435D79}.Debug|Any CPU.Build.0 = Debug|Any CPU
		{C5E6CF29-852F-4CC2-AA0B-9D9FC2435D79}.Release|Any CPU.ActiveCfg = Release|Any CPU
		{C5E6CF29-852F-4CC2-AA0B-9D9FC2435D79}.Release|Any CPU.Build.0 = Release|Any CPU
		{3BE0C84D-FF68-4882-93DB-EE6120355E5D}.Debug|Any CPU.ActiveCfg = Debug|Any CPU
		{3BE0C84D-FF68-4882-93DB-EE6120355E5D}.Debug|Any CPU.Build.0 = Debug|Any CPU
		{3BE0C84D-FF68-4882-93DB-EE6120355E5D}.Release|Any CPU.ActiveCfg = Release|Any CPU
		{3BE0C84D-FF68-4882-93DB-EE6120355E5D}.Release|Any CPU.Build.0 = Release|Any CPU
		{34CB062A-ECB9-448C-9A71-72A0B9D8E1E4}.Debug|Any CPU.ActiveCfg = Debug|Any CPU
		{34CB062A-ECB9-448C-9A71-72A0B9D8E1E4}.Debug|Any CPU.Build.0 = Debug|Any CPU
		{34CB062A-ECB9-448C-9A71-72A0B9D8E1E4}.Release|Any CPU.ActiveCfg = Release|Any CPU
		{34CB062A-ECB9-448C-9A71-72A0B9D8E1E4}.Release|Any CPU.Build.0 = Release|Any CPU
		{557DCFEE-57B0-48CC-A503-9613F5C7DB2E}.Debug|Any CPU.ActiveCfg = Debug|Any CPU
		{557DCFEE-57B0-48CC-A503-9613F5C7DB2E}.Debug|Any CPU.Build.0 = Debug|Any CPU
		{557DCFEE-57B0-48CC-A503-9613F5C7DB2E}.Release|Any CPU.ActiveCfg = Release|Any CPU
		{557DCFEE-57B0-48CC-A503-9613F5C7DB2E}.Release|Any CPU.Build.0 = Release|Any CPU
		{90A4C9CA-3762-4A67-8210-CCC63B78848F}.Debug|Any CPU.ActiveCfg = Debug|Any CPU
		{90A4C9CA-3762-4A67-8210-CCC63B78848F}.Debug|Any CPU.Build.0 = Debug|Any CPU
		{90A4C9CA-3762-4A67-8210-CCC63B78848F}.Release|Any CPU.ActiveCfg = Release|Any CPU
		{90A4C9CA-3762-4A67-8210-CCC63B78848F}.Release|Any CPU.Build.0 = Release|Any CPU
		{592C0BCC-4E6F-451E-9D62-4895E1B3C1BE}.Debug|Any CPU.ActiveCfg = Debug|Any CPU
		{592C0BCC-4E6F-451E-9D62-4895E1B3C1BE}.Debug|Any CPU.Build.0 = Debug|Any CPU
		{592C0BCC-4E6F-451E-9D62-4895E1B3C1BE}.Release|Any CPU.ActiveCfg = Release|Any CPU
		{592C0BCC-4E6F-451E-9D62-4895E1B3C1BE}.Release|Any CPU.Build.0 = Release|Any CPU
		{F4BC391B-1DAF-40C5-89C7-6D61E96C4781}.Debug|Any CPU.ActiveCfg = Debug|Any CPU
		{F4BC391B-1DAF-40C5-89C7-6D61E96C4781}.Debug|Any CPU.Build.0 = Debug|Any CPU
		{F4BC391B-1DAF-40C5-89C7-6D61E96C4781}.Release|Any CPU.ActiveCfg = Release|Any CPU
		{F4BC391B-1DAF-40C5-89C7-6D61E96C4781}.Release|Any CPU.Build.0 = Release|Any CPU
		{5445DA03-0BFF-4948-9609-BC3C98F933AF}.Debug|Any CPU.ActiveCfg = Debug|Any CPU
		{5445DA03-0BFF-4948-9609-BC3C98F933AF}.Debug|Any CPU.Build.0 = Debug|Any CPU
		{5445DA03-0BFF-4948-9609-BC3C98F933AF}.Release|Any CPU.ActiveCfg = Release|Any CPU
		{5445DA03-0BFF-4948-9609-BC3C98F933AF}.Release|Any CPU.Build.0 = Release|Any CPU
		{BA55BDA0-8955-4762-9812-59E367B6C60B}.Debug|Any CPU.ActiveCfg = Debug|Any CPU
		{BA55BDA0-8955-4762-9812-59E367B6C60B}.Debug|Any CPU.Build.0 = Debug|Any CPU
		{BA55BDA0-8955-4762-9812-59E367B6C60B}.Release|Any CPU.ActiveCfg = Release|Any CPU
		{BA55BDA0-8955-4762-9812-59E367B6C60B}.Release|Any CPU.Build.0 = Release|Any CPU
		{35840481-B90C-44AD-8017-E494CDDE1D3D}.Debug|Any CPU.ActiveCfg = Debug|Any CPU
		{35840481-B90C-44AD-8017-E494CDDE1D3D}.Debug|Any CPU.Build.0 = Debug|Any CPU
		{35840481-B90C-44AD-8017-E494CDDE1D3D}.Release|Any CPU.ActiveCfg = Release|Any CPU
		{35840481-B90C-44AD-8017-E494CDDE1D3D}.Release|Any CPU.Build.0 = Release|Any CPU
	EndGlobalSection
	GlobalSection(SolutionProperties) = preSolution
		HideSolutionNode = FALSE
	EndGlobalSection
EndGlobal
