
Microsoft Visual Studio Solution File, Format Version 12.00
# Visual Studio 2012
Project("{FAE04EC0-301F-11D3-BF4B-00C04F79EFBC}") = "w2.Crypto", "..\..\_Plugins\P0011_Intercom\w2.Plugin.P0011_Intercom.Crypto\w2.Crypto.csproj", "{725A6B11-6878-4714-8AA1-B2AF111B5C2F}"
EndProject
Project("{FAE04EC0-301F-11D3-BF4B-00C04F79EFBC}") = "Test.w2.WebService.P0011_Intercon", "Test.w2.WebService.P0011_Intercon\Test.w2.WebService.P0011_Intercon.csproj", "{324C4403-E965-4695-A982-29A7DF8CDABC}"
EndProject
Project("{FAE04EC0-301F-11D3-BF4B-00C04F79EFBC}") = "w2.WebService.P0011_Intercom", "w2.WebService.P0011_Intercom\w2.WebService.P0011_Intercom.csproj", "{2CD13E65-0B4E-488A-A467-16179DBE5D90}"
EndProject
Global
	GlobalSection(TeamFoundationVersionControl) = preSolution
		SccNumberOfProjects = 4
		SccEnterpriseProvider = {4CA58AB2-18FA-4F8D-95D4-32DDF27D184C}
		SccTeamFoundationServer = http://w2server02:8080/tfs/packagev5
		SccLocalPath0 = .
		SccProjectUniqueName1 = ..\\..\\_Plugins\\P0011_Intercom\\w2.Plugin.P0011_Intercom.Crypto\\w2.Crypto.csproj
		SccProjectName1 = ../../_Plugins/P0011_Intercom/w2.Plugin.P0011_Intercom.Crypto
		SccLocalPath1 = ..\\..\\_Plugins\\P0011_Intercom\\w2.Plugin.P0011_Intercom.Crypto
		SccProjectUniqueName2 = Test.w2.WebService.P0011_Intercon\\Test.w2.WebService.P0011_Intercon.csproj
		SccProjectName2 = Test.w2.WebService.P0011_Intercon
		SccLocalPath2 = Test.w2.WebService.P0011_Intercon
		SccProjectUniqueName3 = w2.WebService.P0011_Intercom\\w2.WebService.P0011_Intercom.csproj
		SccProjectName3 = w2.WebService.P0011_Intercom
		SccLocalPath3 = w2.WebService.P0011_Intercom
	EndGlobalSection
	GlobalSection(SolutionConfigurationPlatforms) = preSolution
		Debug|Any CPU = Debug|Any CPU
		Release|Any CPU = Release|Any CPU
	EndGlobalSection
	GlobalSection(ProjectConfigurationPlatforms) = postSolution
		{725A6B11-6878-4714-8AA1-B2AF111B5C2F}.Debug|Any CPU.ActiveCfg = Debug|Any CPU
		{725A6B11-6878-4714-8AA1-B2AF111B5C2F}.Debug|Any CPU.Build.0 = Debug|Any CPU
		{725A6B11-6878-4714-8AA1-B2AF111B5C2F}.Release|Any CPU.ActiveCfg = Release|Any CPU
		{725A6B11-6878-4714-8AA1-B2AF111B5C2F}.Release|Any CPU.Build.0 = Release|Any CPU
		{324C4403-E965-4695-A982-29A7DF8CDABC}.Debug|Any CPU.ActiveCfg = Debug|Any CPU
		{324C4403-E965-4695-A982-29A7DF8CDABC}.Debug|Any CPU.Build.0 = Debug|Any CPU
		{324C4403-E965-4695-A982-29A7DF8CDABC}.Release|Any CPU.ActiveCfg = Release|Any CPU
		{324C4403-E965-4695-A982-29A7DF8CDABC}.Release|Any CPU.Build.0 = Release|Any CPU
		{2CD13E65-0B4E-488A-A467-16179DBE5D90}.Debug|Any CPU.ActiveCfg = Debug|Any CPU
		{2CD13E65-0B4E-488A-A467-16179DBE5D90}.Debug|Any CPU.Build.0 = Debug|Any CPU
		{2CD13E65-0B4E-488A-A467-16179DBE5D90}.Release|Any CPU.ActiveCfg = Release|Any CPU
		{2CD13E65-0B4E-488A-A467-16179DBE5D90}.Release|Any CPU.Build.0 = Release|Any CPU
	EndGlobalSection
	GlobalSection(SolutionProperties) = preSolution
		HideSolutionNode = FALSE
	EndGlobalSection
EndGlobal
