
Microsoft Visual Studio Solution File, Format Version 12.00
# Visual Studio 2012
Project("{FAE04EC0-301F-11D3-BF4B-00C04F79EFBC}") = "w2.Common", "..\Commons\w2.Common\w2.Common.csproj", "{34CB062A-ECB9-448C-9A71-72A0B9D8E1E4}"
EndProject
Project("{FAE04EC0-301F-11D3-BF4B-00C04F79EFBC}") = "Test.w2.Common", "Test.w2.Common\Test.w2.Common.csproj", "{37508EDB-5BB1-47FA-B0B4-0E7B1510CEF1}"
EndProject
Project("{E24C65DC-7377-472B-9ABA-BC803B73C61A}") = "Web.TestMock", "http://localhost/R5044_Kagome.Develop/Test/Web.TestMock", "{65859897-C83F-4522-A3A7-A0B076DCD85D}"
	ProjectSection(WebsiteProperties) = preProject
		SccProjectName = "SAK"
		SccAuxPath = "SAK"
		SccLocalPath = "SAK"
		SccProvider = "SAK"
		UseIISExpress = "false"
		TargetFrameworkMoniker = ".NETFramework,Version%3Dv4.0"
		ProjectReferences = "{34cb062a-ecb9-448c-9a71-72a0b9d8e1e4}|w2.Common.dll;{3be0c84d-ff68-4882-93db-ee6120355e5d}|w2.App.Common.dll;"
		Debug.AspNetCompiler.VirtualPath = "/Web.TestMock"
		Debug.AspNetCompiler.PhysicalPath = "Web.TestMock\"
		Debug.AspNetCompiler.TargetPath = "PrecompiledWeb\Web.TestMock\"
		Debug.AspNetCompiler.Updateable = "true"
		Debug.AspNetCompiler.ForceOverwrite = "true"
		Debug.AspNetCompiler.FixedNames = "false"
		Debug.AspNetCompiler.Debug = "True"
		Release.AspNetCompiler.VirtualPath = "/Web.TestMock"
		Release.AspNetCompiler.PhysicalPath = "Web.TestMock\"
		Release.AspNetCompiler.TargetPath = "PrecompiledWeb\Web.TestMock\"
		Release.AspNetCompiler.Updateable = "true"
		Release.AspNetCompiler.ForceOverwrite = "true"
		Release.AspNetCompiler.FixedNames = "false"
		Release.AspNetCompiler.Debug = "False"
		SlnRelativePath = "Web.TestMock\"
	EndProjectSection
EndProject
Project("{FAE04EC0-301F-11D3-BF4B-00C04F79EFBC}") = "w2.App.Common", "..\Commons\w2.App.Common\w2.App.Common.csproj", "{3BE0C84D-FF68-4882-93DB-EE6120355E5D}"
EndProject
Global
	GlobalSection(TeamFoundationVersionControl) = preSolution
		SccNumberOfProjects = 5
		SccEnterpriseProvider = {4CA58AB2-18FA-4F8D-95D4-32DDF27D184C}
		SccTeamFoundationServer = http://w2server02:8080/tfs/packagev5
		SccLocalPath0 = ..
		SccProjectFilePathRelativizedFromConnection0 = Test\\
		SccProjectUniqueName1 = ..\\Commons\\w2.Common\\w2.Common.csproj
		SccProjectName1 = ../Commons/w2.Common
		SccLocalPath1 = ..\\Commons\\w2.Common
		SccProjectUniqueName2 = Test.w2.Common\\Test.w2.Common.csproj
		SccProjectName2 = Test.w2.Common
		SccLocalPath2 = Test.w2.Common
		SccWebProject3 = true
		SccProjectUniqueName3 = http://localhost/R5044_Kagome.Develop/Test/Web.TestMock
		SccProjectName3 = Web.TestMock
		SccLocalPath3 = Web.TestMock
		SccProjectEnlistmentChoice3 = 2
		SccProjectUniqueName4 = ..\\Commons\\w2.App.Common\\w2.App.Common.csproj
		SccProjectName4 = ../Commons/w2.App.Common
		SccLocalPath4 = ..\\Commons\\w2.App.Common
	EndGlobalSection
	GlobalSection(SolutionConfigurationPlatforms) = preSolution
		Debug|Any CPU = Debug|Any CPU
		Release|Any CPU = Release|Any CPU
	EndGlobalSection
	GlobalSection(ProjectConfigurationPlatforms) = postSolution
		{34CB062A-ECB9-448C-9A71-72A0B9D8E1E4}.Debug|Any CPU.ActiveCfg = Debug|Any CPU
		{34CB062A-ECB9-448C-9A71-72A0B9D8E1E4}.Debug|Any CPU.Build.0 = Debug|Any CPU
		{34CB062A-ECB9-448C-9A71-72A0B9D8E1E4}.Release|Any CPU.ActiveCfg = Release|Any CPU
		{34CB062A-ECB9-448C-9A71-72A0B9D8E1E4}.Release|Any CPU.Build.0 = Release|Any CPU
		{37508EDB-5BB1-47FA-B0B4-0E7B1510CEF1}.Debug|Any CPU.ActiveCfg = Debug|Any CPU
		{37508EDB-5BB1-47FA-B0B4-0E7B1510CEF1}.Debug|Any CPU.Build.0 = Debug|Any CPU
		{37508EDB-5BB1-47FA-B0B4-0E7B1510CEF1}.Release|Any CPU.ActiveCfg = Release|Any CPU
		{37508EDB-5BB1-47FA-B0B4-0E7B1510CEF1}.Release|Any CPU.Build.0 = Release|Any CPU
		{65859897-C83F-4522-A3A7-A0B076DCD85D}.Debug|Any CPU.ActiveCfg = Debug|Any CPU
		{65859897-C83F-4522-A3A7-A0B076DCD85D}.Debug|Any CPU.Build.0 = Debug|Any CPU
		{65859897-C83F-4522-A3A7-A0B076DCD85D}.Release|Any CPU.ActiveCfg = Debug|Any CPU
		{65859897-C83F-4522-A3A7-A0B076DCD85D}.Release|Any CPU.Build.0 = Debug|Any CPU
		{3BE0C84D-FF68-4882-93DB-EE6120355E5D}.Debug|Any CPU.ActiveCfg = Debug|Any CPU
		{3BE0C84D-FF68-4882-93DB-EE6120355E5D}.Debug|Any CPU.Build.0 = Debug|Any CPU
		{3BE0C84D-FF68-4882-93DB-EE6120355E5D}.Release|Any CPU.ActiveCfg = Release|Any CPU
		{3BE0C84D-FF68-4882-93DB-EE6120355E5D}.Release|Any CPU.Build.0 = Release|Any CPU
	EndGlobalSection
	GlobalSection(SolutionProperties) = preSolution
		HideSolutionNode = FALSE
	EndGlobalSection
EndGlobal
