
Microsoft Visual Studio Solution File, Format Version 12.00
# Visual Studio Version 17
VisualStudioVersion = 17.9.34714.143
MinimumVisualStudioVersion = 10.0.40219.1
Project("{FAE04EC0-301F-11D3-BF4B-00C04F79EFBC}") = "w2.Common", "..\Commons\w2.Common\w2.Common.csproj", "{34CB062A-ECB9-448C-9A71-72A0B9D8E1E4}"
EndProject
Project("{FAE04EC0-301F-11D3-BF4B-00C04F79EFBC}") = "w2.App.Common", "..\Commons\w2.App.Common\w2.App.Common.csproj", "{3BE0C84D-FF68-4882-93DB-EE6120355E5D}"
EndProject
Project("{FAE04EC0-301F-11D3-BF4B-00C04F79EFBC}") = "w2.Plugin", "..\Commons\w2.Plugin\w2.Plugin.csproj", "{35840481-B90C-44AD-8017-E494CDDE1D3D}"
EndProject
Project("{FAE04EC0-301F-11D3-BF4B-00C04F79EFBC}") = "w2.Cryptography", "..\Commons\w2.Cryptography\w2.Cryptography.csproj", "{BA55BDA0-8955-4762-9812-59E367B6C60B}"
EndProject
Project("{FAE04EC0-301F-11D3-BF4B-00C04F79EFBC}") = "w2.Database.Common", "..\Commons\w2.Database.Common\w2.Database.Common.csproj", "{557DCFEE-57B0-48CC-A503-9613F5C7DB2E}"
EndProject
Project("{2150E333-8FDC-42A3-9474-1A3956D46DE8}") = "Solution Items", "Solution Items", "{77742A33-23D1-45D9-BE2C-233032B39CBB}"
	ProjectSection(SolutionItems) = preProject
		TestSettings1.testsettings = TestSettings1.testsettings
		Web.PaymentTest.vsmdi = Web.PaymentTest.vsmdi
	EndProjectSection
EndProject
Project("{E24C65DC-7377-472B-9ABA-BC803B73C61A}") = "Web.PaymentTest", "http://localhost/R5044_Kagome.Develop/Test/Web.PaymentTest", "{38627ED7-4623-47D0-BD07-10FE03A521E3}"
	ProjectSection(WebsiteProperties) = preProject
		SccProjectName = "SAK"
		SccAuxPath = "SAK"
		SccLocalPath = "SAK"
		SccProvider = "SAK"
		UseIISExpress = "false"
		TargetFrameworkMoniker = ".NETFramework,Version%3Dv4.8"
		ProjectReferences = "{3BE0C84D-FF68-4882-93DB-EE6120355E5D}|w2.App.Common.dll;{BA55BDA0-8955-4762-9812-59E367B6C60B}|w2.Cryptography.dll;{35840481-B90C-44AD-8017-E494CDDE1D3D}|w2.Plugin.dll;{34CB062A-ECB9-448C-9A71-72A0B9D8E1E4}|w2.Common.dll;{557DCFEE-57B0-48CC-A503-9613F5C7DB2E}|w2.Database.Common.dll;{5445DA03-0BFF-4948-9609-BC3C98F933AF}|w2.Domain.dll;{17359969-e9c2-43c0-8332-4030d4809497}|Test.HogePayment.dll;{FCF7E319-3329-45B1-8729-7666EDF080BF}|Test.HogePaymentLib.dll;"
		Debug.AspNetCompiler.VirtualPath = "/Web.PaymentTest"
		Debug.AspNetCompiler.PhysicalPath = "Web.PaymentTest\"
		Debug.AspNetCompiler.TargetPath = "PrecompiledWeb\Web.PaymentTest\"
		Debug.AspNetCompiler.Updateable = "true"
		Debug.AspNetCompiler.ForceOverwrite = "true"
		Debug.AspNetCompiler.FixedNames = "false"
		Debug.AspNetCompiler.Debug = "True"
		Release.AspNetCompiler.VirtualPath = "/Web.PaymentTest"
		Release.AspNetCompiler.PhysicalPath = "Web.PaymentTest\"
		Release.AspNetCompiler.TargetPath = "PrecompiledWeb\Web.PaymentTest\"
		Release.AspNetCompiler.Updateable = "true"
		Release.AspNetCompiler.ForceOverwrite = "true"
		Release.AspNetCompiler.FixedNames = "false"
		Release.AspNetCompiler.Debug = "False"
		SlnRelativePath = "Web.PaymentTest\"
		DefaultWebSiteLanguage = "Visual C#"
	EndProjectSection
EndProject
Project("{FAE04EC0-301F-11D3-BF4B-00C04F79EFBC}") = "w2.Domain", "..\Commons\w2.Domain\w2.Domain.csproj", "{5445DA03-0BFF-4948-9609-BC3C98F933AF}"
EndProject
Project("{FAE04EC0-301F-11D3-BF4B-00C04F79EFBC}") = "Test.HogePaymentLib", "Test.HogePaymentLib\Test.HogePaymentLib.csproj", "{FCF7E319-3329-45B1-8729-7666EDF080BF}"
EndProject
Project("{FAE04EC0-301F-11D3-BF4B-00C04F79EFBC}") = "Test.HogePayment", "Test.HogePayment\Test.HogePayment.csproj", "{17359969-E9C2-43C0-8332-4030D4809497}"
EndProject
Project("{FAE04EC0-301F-11D3-BF4B-00C04F79EFBC}") = "w2.CustomerResources", "..\Commons\w2.CustomerResources\w2.CustomerResources.csproj", "{90A4C9CA-3762-4A67-8210-CCC63B78848F}"
EndProject
Global
	GlobalSection(SolutionConfigurationPlatforms) = preSolution
		Debug|Any CPU = Debug|Any CPU
		Debug|ARM = Debug|ARM
		Debug|x64 = Debug|x64
		Debug|x86 = Debug|x86
		Release|Any CPU = Release|Any CPU
		Release|ARM = Release|ARM
		Release|x64 = Release|x64
		Release|x86 = Release|x86
	EndGlobalSection
	GlobalSection(ProjectConfigurationPlatforms) = postSolution
		{34CB062A-ECB9-448C-9A71-72A0B9D8E1E4}.Debug|Any CPU.ActiveCfg = Debug|Any CPU
		{34CB062A-ECB9-448C-9A71-72A0B9D8E1E4}.Debug|Any CPU.Build.0 = Debug|Any CPU
		{34CB062A-ECB9-448C-9A71-72A0B9D8E1E4}.Debug|ARM.ActiveCfg = Debug|Any CPU
		{34CB062A-ECB9-448C-9A71-72A0B9D8E1E4}.Debug|x64.ActiveCfg = Debug|Any CPU
		{34CB062A-ECB9-448C-9A71-72A0B9D8E1E4}.Debug|x86.ActiveCfg = Debug|Any CPU
		{34CB062A-ECB9-448C-9A71-72A0B9D8E1E4}.Release|Any CPU.ActiveCfg = Release|Any CPU
		{34CB062A-ECB9-448C-9A71-72A0B9D8E1E4}.Release|Any CPU.Build.0 = Release|Any CPU
		{34CB062A-ECB9-448C-9A71-72A0B9D8E1E4}.Release|ARM.ActiveCfg = Release|Any CPU
		{34CB062A-ECB9-448C-9A71-72A0B9D8E1E4}.Release|x64.ActiveCfg = Release|Any CPU
		{34CB062A-ECB9-448C-9A71-72A0B9D8E1E4}.Release|x86.ActiveCfg = Release|Any CPU
		{3BE0C84D-FF68-4882-93DB-EE6120355E5D}.Debug|Any CPU.ActiveCfg = Debug|Any CPU
		{3BE0C84D-FF68-4882-93DB-EE6120355E5D}.Debug|Any CPU.Build.0 = Debug|Any CPU
		{3BE0C84D-FF68-4882-93DB-EE6120355E5D}.Debug|ARM.ActiveCfg = Debug|Any CPU
		{3BE0C84D-FF68-4882-93DB-EE6120355E5D}.Debug|x64.ActiveCfg = Debug|Any CPU
		{3BE0C84D-FF68-4882-93DB-EE6120355E5D}.Debug|x86.ActiveCfg = Debug|Any CPU
		{3BE0C84D-FF68-4882-93DB-EE6120355E5D}.Release|Any CPU.ActiveCfg = Release|Any CPU
		{3BE0C84D-FF68-4882-93DB-EE6120355E5D}.Release|Any CPU.Build.0 = Release|Any CPU
		{3BE0C84D-FF68-4882-93DB-EE6120355E5D}.Release|ARM.ActiveCfg = Release|Any CPU
		{3BE0C84D-FF68-4882-93DB-EE6120355E5D}.Release|x64.ActiveCfg = Release|Any CPU
		{3BE0C84D-FF68-4882-93DB-EE6120355E5D}.Release|x86.ActiveCfg = Release|Any CPU
		{35840481-B90C-44AD-8017-E494CDDE1D3D}.Debug|Any CPU.ActiveCfg = Debug|Any CPU
		{35840481-B90C-44AD-8017-E494CDDE1D3D}.Debug|Any CPU.Build.0 = Debug|Any CPU
		{35840481-B90C-44AD-8017-E494CDDE1D3D}.Debug|ARM.ActiveCfg = Debug|Any CPU
		{35840481-B90C-44AD-8017-E494CDDE1D3D}.Debug|x64.ActiveCfg = Debug|Any CPU
		{35840481-B90C-44AD-8017-E494CDDE1D3D}.Debug|x86.ActiveCfg = Debug|Any CPU
		{35840481-B90C-44AD-8017-E494CDDE1D3D}.Release|Any CPU.ActiveCfg = Release|Any CPU
		{35840481-B90C-44AD-8017-E494CDDE1D3D}.Release|Any CPU.Build.0 = Release|Any CPU
		{35840481-B90C-44AD-8017-E494CDDE1D3D}.Release|ARM.ActiveCfg = Release|Any CPU
		{35840481-B90C-44AD-8017-E494CDDE1D3D}.Release|x64.ActiveCfg = Release|Any CPU
		{35840481-B90C-44AD-8017-E494CDDE1D3D}.Release|x86.ActiveCfg = Release|Any CPU
		{BA55BDA0-8955-4762-9812-59E367B6C60B}.Debug|Any CPU.ActiveCfg = Debug|Any CPU
		{BA55BDA0-8955-4762-9812-59E367B6C60B}.Debug|Any CPU.Build.0 = Debug|Any CPU
		{BA55BDA0-8955-4762-9812-59E367B6C60B}.Debug|ARM.ActiveCfg = Debug|Any CPU
		{BA55BDA0-8955-4762-9812-59E367B6C60B}.Debug|x64.ActiveCfg = Debug|Any CPU
		{BA55BDA0-8955-4762-9812-59E367B6C60B}.Debug|x86.ActiveCfg = Debug|Any CPU
		{BA55BDA0-8955-4762-9812-59E367B6C60B}.Release|Any CPU.ActiveCfg = Release|Any CPU
		{BA55BDA0-8955-4762-9812-59E367B6C60B}.Release|Any CPU.Build.0 = Release|Any CPU
		{BA55BDA0-8955-4762-9812-59E367B6C60B}.Release|ARM.ActiveCfg = Release|Any CPU
		{BA55BDA0-8955-4762-9812-59E367B6C60B}.Release|x64.ActiveCfg = Release|Any CPU
		{BA55BDA0-8955-4762-9812-59E367B6C60B}.Release|x86.ActiveCfg = Release|Any CPU
		{557DCFEE-57B0-48CC-A503-9613F5C7DB2E}.Debug|Any CPU.ActiveCfg = Debug|Any CPU
		{557DCFEE-57B0-48CC-A503-9613F5C7DB2E}.Debug|Any CPU.Build.0 = Debug|Any CPU
		{557DCFEE-57B0-48CC-A503-9613F5C7DB2E}.Debug|ARM.ActiveCfg = Debug|Any CPU
		{557DCFEE-57B0-48CC-A503-9613F5C7DB2E}.Debug|x64.ActiveCfg = Debug|Any CPU
		{557DCFEE-57B0-48CC-A503-9613F5C7DB2E}.Debug|x86.ActiveCfg = Debug|Any CPU
		{557DCFEE-57B0-48CC-A503-9613F5C7DB2E}.Release|Any CPU.ActiveCfg = Release|Any CPU
		{557DCFEE-57B0-48CC-A503-9613F5C7DB2E}.Release|Any CPU.Build.0 = Release|Any CPU
		{557DCFEE-57B0-48CC-A503-9613F5C7DB2E}.Release|ARM.ActiveCfg = Release|Any CPU
		{557DCFEE-57B0-48CC-A503-9613F5C7DB2E}.Release|x64.ActiveCfg = Release|Any CPU
		{557DCFEE-57B0-48CC-A503-9613F5C7DB2E}.Release|x86.ActiveCfg = Release|Any CPU
		{38627ED7-4623-47D0-BD07-10FE03A521E3}.Debug|Any CPU.ActiveCfg = Debug|Any CPU
		{38627ED7-4623-47D0-BD07-10FE03A521E3}.Debug|Any CPU.Build.0 = Debug|Any CPU
		{38627ED7-4623-47D0-BD07-10FE03A521E3}.Debug|ARM.ActiveCfg = Debug|Any CPU
		{38627ED7-4623-47D0-BD07-10FE03A521E3}.Debug|x64.ActiveCfg = Debug|Any CPU
		{38627ED7-4623-47D0-BD07-10FE03A521E3}.Debug|x86.ActiveCfg = Debug|Any CPU
		{38627ED7-4623-47D0-BD07-10FE03A521E3}.Release|Any CPU.ActiveCfg = Debug|Any CPU
		{38627ED7-4623-47D0-BD07-10FE03A521E3}.Release|Any CPU.Build.0 = Debug|Any CPU
		{38627ED7-4623-47D0-BD07-10FE03A521E3}.Release|ARM.ActiveCfg = Debug|Any CPU
		{38627ED7-4623-47D0-BD07-10FE03A521E3}.Release|x64.ActiveCfg = Debug|Any CPU
		{38627ED7-4623-47D0-BD07-10FE03A521E3}.Release|x86.ActiveCfg = Debug|Any CPU
		{5445DA03-0BFF-4948-9609-BC3C98F933AF}.Debug|Any CPU.ActiveCfg = Debug|Any CPU
		{5445DA03-0BFF-4948-9609-BC3C98F933AF}.Debug|Any CPU.Build.0 = Debug|Any CPU
		{5445DA03-0BFF-4948-9609-BC3C98F933AF}.Debug|ARM.ActiveCfg = Debug|Any CPU
		{5445DA03-0BFF-4948-9609-BC3C98F933AF}.Debug|x64.ActiveCfg = Debug|Any CPU
		{5445DA03-0BFF-4948-9609-BC3C98F933AF}.Debug|x86.ActiveCfg = Debug|Any CPU
		{5445DA03-0BFF-4948-9609-BC3C98F933AF}.Release|Any CPU.ActiveCfg = Release|Any CPU
		{5445DA03-0BFF-4948-9609-BC3C98F933AF}.Release|Any CPU.Build.0 = Release|Any CPU
		{5445DA03-0BFF-4948-9609-BC3C98F933AF}.Release|ARM.ActiveCfg = Release|Any CPU
		{5445DA03-0BFF-4948-9609-BC3C98F933AF}.Release|x64.ActiveCfg = Release|Any CPU
		{5445DA03-0BFF-4948-9609-BC3C98F933AF}.Release|x86.ActiveCfg = Release|Any CPU
		{FCF7E319-3329-45B1-8729-7666EDF080BF}.Debug|Any CPU.ActiveCfg = Debug|Any CPU
		{FCF7E319-3329-45B1-8729-7666EDF080BF}.Debug|Any CPU.Build.0 = Debug|Any CPU
		{FCF7E319-3329-45B1-8729-7666EDF080BF}.Debug|ARM.ActiveCfg = Debug|Any CPU
		{FCF7E319-3329-45B1-8729-7666EDF080BF}.Debug|x64.ActiveCfg = Debug|Any CPU
		{FCF7E319-3329-45B1-8729-7666EDF080BF}.Debug|x86.ActiveCfg = Debug|Any CPU
		{FCF7E319-3329-45B1-8729-7666EDF080BF}.Release|Any CPU.ActiveCfg = Release|Any CPU
		{FCF7E319-3329-45B1-8729-7666EDF080BF}.Release|Any CPU.Build.0 = Release|Any CPU
		{FCF7E319-3329-45B1-8729-7666EDF080BF}.Release|ARM.ActiveCfg = Release|Any CPU
		{FCF7E319-3329-45B1-8729-7666EDF080BF}.Release|x64.ActiveCfg = Release|Any CPU
		{FCF7E319-3329-45B1-8729-7666EDF080BF}.Release|x86.ActiveCfg = Release|Any CPU
		{17359969-E9C2-43C0-8332-4030D4809497}.Debug|Any CPU.ActiveCfg = Debug|Any CPU
		{17359969-E9C2-43C0-8332-4030D4809497}.Debug|Any CPU.Build.0 = Debug|Any CPU
		{17359969-E9C2-43C0-8332-4030D4809497}.Debug|ARM.ActiveCfg = Debug|Any CPU
		{17359969-E9C2-43C0-8332-4030D4809497}.Debug|x64.ActiveCfg = Debug|Any CPU
		{17359969-E9C2-43C0-8332-4030D4809497}.Debug|x86.ActiveCfg = Debug|Any CPU
		{17359969-E9C2-43C0-8332-4030D4809497}.Release|Any CPU.ActiveCfg = Release|Any CPU
		{17359969-E9C2-43C0-8332-4030D4809497}.Release|Any CPU.Build.0 = Release|Any CPU
		{17359969-E9C2-43C0-8332-4030D4809497}.Release|ARM.ActiveCfg = Release|Any CPU
		{17359969-E9C2-43C0-8332-4030D4809497}.Release|x64.ActiveCfg = Release|Any CPU
		{17359969-E9C2-43C0-8332-4030D4809497}.Release|x86.ActiveCfg = Release|Any CPU
		{90A4C9CA-3762-4A67-8210-CCC63B78848F}.Debug|Any CPU.ActiveCfg = Debug|Any CPU
		{90A4C9CA-3762-4A67-8210-CCC63B78848F}.Debug|Any CPU.Build.0 = Debug|Any CPU
		{90A4C9CA-3762-4A67-8210-CCC63B78848F}.Debug|ARM.ActiveCfg = Debug|Any CPU
		{90A4C9CA-3762-4A67-8210-CCC63B78848F}.Debug|x64.ActiveCfg = Debug|Any CPU
		{90A4C9CA-3762-4A67-8210-CCC63B78848F}.Debug|x86.ActiveCfg = Debug|Any CPU
		{90A4C9CA-3762-4A67-8210-CCC63B78848F}.Release|Any CPU.ActiveCfg = Release|Any CPU
		{90A4C9CA-3762-4A67-8210-CCC63B78848F}.Release|Any CPU.Build.0 = Release|Any CPU
		{90A4C9CA-3762-4A67-8210-CCC63B78848F}.Release|ARM.ActiveCfg = Release|Any CPU
		{90A4C9CA-3762-4A67-8210-CCC63B78848F}.Release|x64.ActiveCfg = Release|Any CPU
		{90A4C9CA-3762-4A67-8210-CCC63B78848F}.Release|x86.ActiveCfg = Release|Any CPU
	EndGlobalSection
	GlobalSection(SolutionProperties) = preSolution
		HideSolutionNode = FALSE
	EndGlobalSection
	GlobalSection(TeamFoundationVersionControl) = preSolution
		SccNumberOfProjects = 11
		SccEnterpriseProvider = {4CA58AB2-18FA-4F8D-95D4-32DDF27D184C}
		SccTeamFoundationServer = http://w2server02:8080/tfs/packagev5
		SccLocalPath0 = .
		SccWebProject1 = true
		SccProjectUniqueName1 = http://localhost/R5044_Kagome.Develop/Test/Web.PaymentTest
		SccProjectName1 = Web.PaymentTest
		SccLocalPath1 = Web.PaymentTest
		SccProjectEnlistmentChoice1 = 2
		SccProjectUniqueName2 = ..\\Commons\\w2.Common\\w2.Common.csproj
		SccProjectName2 = ../Commons/w2.Common
		SccLocalPath2 = ..\\Commons\\w2.Common
		SccProjectUniqueName3 = ..\\Commons\\w2.App.Common\\w2.App.Common.csproj
		SccProjectName3 = ../Commons/w2.App.Common
		SccLocalPath3 = ..\\Commons\\w2.App.Common
		SccProjectUniqueName4 = ..\\Commons\\w2.Plugin\\w2.Plugin.csproj
		SccProjectName4 = ../Commons/w2.Plugin
		SccLocalPath4 = ..\\Commons\\w2.Plugin
		SccProjectUniqueName5 = ..\\Commons\\w2.Cryptography\\w2.Cryptography.csproj
		SccProjectName5 = ../Commons/w2.Cryptography
		SccLocalPath5 = ..\\Commons\\w2.Cryptography
		SccProjectUniqueName6 = ..\\Commons\\w2.Database.Common\\w2.Database.Common.csproj
		SccProjectName6 = ../Commons/w2.Database.Common
		SccLocalPath6 = ..\\Commons\\w2.Database.Common
		SccProjectUniqueName7 = ..\\Commons\\w2.Domain\\w2.Domain.csproj
		SccProjectName7 = ../Commons/w2.Domain
		SccLocalPath7 = ..\\Commons\\w2.Domain
		SccProjectUniqueName8 = Test.HogePaymentLib\\Test.HogePaymentLib.csproj
		SccProjectName8 = Test.HogePaymentLib
		SccLocalPath8 = Test.HogePaymentLib
		SccProjectUniqueName9 = Test.HogePayment\\Test.HogePayment.csproj
		SccProjectName9 = Test.HogePayment
		SccLocalPath9 = Test.HogePayment
		SccProjectUniqueName10 = ..\\Commons\\w2.CustomerResources\\w2.CustomerResources.csproj
		SccProjectName10 = ../Commons/w2.CustomerResources
		SccLocalPath10 = ..\\Commons\\w2.CustomerResources
	EndGlobalSection
	GlobalSection(TestCaseManagementSettings) = postSolution
		CategoryFile = Web.PaymentTest.vsmdi
	EndGlobalSection
EndGlobal
