
Microsoft Visual Studio Solution File, Format Version 12.00
# Visual Studio Version 17
VisualStudioVersion = 17.1.32328.378
MinimumVisualStudioVersion = 10.0.40219.1
Project("{2150E333-8FDC-42A3-9474-1A3956D46DE8}") = "w2.Project", "w2.Project", "{F8861935-9881-4E10-88C9-2AA04DA7D14D}"
EndProject
Project("{FAE04EC0-301F-11D3-BF4B-00C04F79EFBC}") = "w2.Domain", "..\..\Commons\w2.Domain\w2.Domain.csproj", "{5445DA03-0BFF-4948-9609-BC3C98F933AF}"
EndProject
Project("{FAE04EC0-301F-11D3-BF4B-00C04F79EFBC}") = "w2.Database.Common", "..\..\Commons\w2.Database.Common\w2.Database.Common.csproj", "{557DCFEE-57B0-48CC-A503-9613F5C7DB2E}"
EndProject
Project("{FAE04EC0-301F-11D3-BF4B-00C04F79EFBC}") = "w2.CustomerResources", "..\..\Commons\w2.CustomerResources\w2.CustomerResources.csproj", "{90A4C9CA-3762-4A67-8210-CCC63B78848F}"
EndProject
Project("{FAE04EC0-301F-11D3-BF4B-00C04F79EFBC}") = "w2.Common", "..\..\Commons\w2.Common\w2.Common.csproj", "{34CB062A-ECB9-448C-9A71-72A0B9D8E1E4}"
EndProject
Project("{FAE04EC0-301F-11D3-BF4B-00C04F79EFBC}") = "w2.App.Common", "..\..\Commons\w2.App.Common\w2.App.Common.csproj", "{3BE0C84D-FF68-4882-93DB-EE6120355E5D}"
EndProject
Project("{FAE04EC0-301F-11D3-BF4B-00C04F79EFBC}") = "w2.Plugin", "..\..\Commons\w2.Plugin\w2.Plugin.csproj", "{35840481-B90C-44AD-8017-E494CDDE1D3D}"
EndProject
Project("{FAE04EC0-301F-11D3-BF4B-00C04F79EFBC}") = "w2.Cryptography", "..\..\Commons\w2.Cryptography\w2.Cryptography.csproj", "{BA55BDA0-8955-4762-9812-59E367B6C60B}"
EndProject
Project("{FAE04EC0-301F-11D3-BF4B-00C04F79EFBC}") = "CrossPointCooperation", "CrossPointCooperation.csproj", "{2E4DB3E2-D455-4A63-9729-BECB957A65EB}"
EndProject
Project("{FAE04EC0-301F-11D3-BF4B-00C04F79EFBC}") = "w2.ExternalAPI.Common", "..\..\Commons\w2.ExternalAPI.Common\w2.ExternalAPI.Common.csproj", "{DE866D0A-5A0E-43EE-AA5B-577982970189}"
EndProject
Project("{FAE04EC0-301F-11D3-BF4B-00C04F79EFBC}") = "FluentFTP", "..\..\Commons\FluentFTP\FluentFTP.csproj", "{E963B766-56BF-4966-8917-88C1EE69D61A}"
EndProject
Global
	GlobalSection(SolutionConfigurationPlatforms) = preSolution
		Debug|Any CPU = Debug|Any CPU
		DebugNET2|Any CPU = DebugNET2|Any CPU
		DebugNET35|Any CPU = DebugNET35|Any CPU
		DebugNET4|Any CPU = DebugNET4|Any CPU
		Release|Any CPU = Release|Any CPU
		ReleaseNET2|Any CPU = ReleaseNET2|Any CPU
		ReleaseNET35|Any CPU = ReleaseNET35|Any CPU
		ReleaseNET4|Any CPU = ReleaseNET4|Any CPU
	EndGlobalSection
	GlobalSection(ProjectConfigurationPlatforms) = postSolution
		{5445DA03-0BFF-4948-9609-BC3C98F933AF}.Debug|Any CPU.ActiveCfg = Debug|Any CPU
		{5445DA03-0BFF-4948-9609-BC3C98F933AF}.Debug|Any CPU.Build.0 = Debug|Any CPU
		{5445DA03-0BFF-4948-9609-BC3C98F933AF}.DebugNET2|Any CPU.ActiveCfg = Debug|Any CPU
		{5445DA03-0BFF-4948-9609-BC3C98F933AF}.DebugNET2|Any CPU.Build.0 = Debug|Any CPU
		{5445DA03-0BFF-4948-9609-BC3C98F933AF}.DebugNET35|Any CPU.ActiveCfg = Debug|Any CPU
		{5445DA03-0BFF-4948-9609-BC3C98F933AF}.DebugNET35|Any CPU.Build.0 = Debug|Any CPU
		{5445DA03-0BFF-4948-9609-BC3C98F933AF}.DebugNET4|Any CPU.ActiveCfg = Debug|Any CPU
		{5445DA03-0BFF-4948-9609-BC3C98F933AF}.DebugNET4|Any CPU.Build.0 = Debug|Any CPU
		{5445DA03-0BFF-4948-9609-BC3C98F933AF}.Release|Any CPU.ActiveCfg = Release|Any CPU
		{5445DA03-0BFF-4948-9609-BC3C98F933AF}.Release|Any CPU.Build.0 = Release|Any CPU
		{5445DA03-0BFF-4948-9609-BC3C98F933AF}.ReleaseNET2|Any CPU.ActiveCfg = Release|Any CPU
		{5445DA03-0BFF-4948-9609-BC3C98F933AF}.ReleaseNET2|Any CPU.Build.0 = Release|Any CPU
		{5445DA03-0BFF-4948-9609-BC3C98F933AF}.ReleaseNET35|Any CPU.ActiveCfg = Release|Any CPU
		{5445DA03-0BFF-4948-9609-BC3C98F933AF}.ReleaseNET35|Any CPU.Build.0 = Release|Any CPU
		{5445DA03-0BFF-4948-9609-BC3C98F933AF}.ReleaseNET4|Any CPU.ActiveCfg = Release|Any CPU
		{5445DA03-0BFF-4948-9609-BC3C98F933AF}.ReleaseNET4|Any CPU.Build.0 = Release|Any CPU
		{557DCFEE-57B0-48CC-A503-9613F5C7DB2E}.Debug|Any CPU.ActiveCfg = Debug|Any CPU
		{557DCFEE-57B0-48CC-A503-9613F5C7DB2E}.Debug|Any CPU.Build.0 = Debug|Any CPU
		{557DCFEE-57B0-48CC-A503-9613F5C7DB2E}.DebugNET2|Any CPU.ActiveCfg = Debug|Any CPU
		{557DCFEE-57B0-48CC-A503-9613F5C7DB2E}.DebugNET2|Any CPU.Build.0 = Debug|Any CPU
		{557DCFEE-57B0-48CC-A503-9613F5C7DB2E}.DebugNET35|Any CPU.ActiveCfg = Debug|Any CPU
		{557DCFEE-57B0-48CC-A503-9613F5C7DB2E}.DebugNET35|Any CPU.Build.0 = Debug|Any CPU
		{557DCFEE-57B0-48CC-A503-9613F5C7DB2E}.DebugNET4|Any CPU.ActiveCfg = Debug|Any CPU
		{557DCFEE-57B0-48CC-A503-9613F5C7DB2E}.DebugNET4|Any CPU.Build.0 = Debug|Any CPU
		{557DCFEE-57B0-48CC-A503-9613F5C7DB2E}.Release|Any CPU.ActiveCfg = Release|Any CPU
		{557DCFEE-57B0-48CC-A503-9613F5C7DB2E}.Release|Any CPU.Build.0 = Release|Any CPU
		{557DCFEE-57B0-48CC-A503-9613F5C7DB2E}.ReleaseNET2|Any CPU.ActiveCfg = Release|Any CPU
		{557DCFEE-57B0-48CC-A503-9613F5C7DB2E}.ReleaseNET2|Any CPU.Build.0 = Release|Any CPU
		{557DCFEE-57B0-48CC-A503-9613F5C7DB2E}.ReleaseNET35|Any CPU.ActiveCfg = Release|Any CPU
		{557DCFEE-57B0-48CC-A503-9613F5C7DB2E}.ReleaseNET35|Any CPU.Build.0 = Release|Any CPU
		{557DCFEE-57B0-48CC-A503-9613F5C7DB2E}.ReleaseNET4|Any CPU.ActiveCfg = Release|Any CPU
		{557DCFEE-57B0-48CC-A503-9613F5C7DB2E}.ReleaseNET4|Any CPU.Build.0 = Release|Any CPU
		{90A4C9CA-3762-4A67-8210-CCC63B78848F}.Debug|Any CPU.ActiveCfg = Debug|Any CPU
		{90A4C9CA-3762-4A67-8210-CCC63B78848F}.Debug|Any CPU.Build.0 = Debug|Any CPU
		{90A4C9CA-3762-4A67-8210-CCC63B78848F}.DebugNET2|Any CPU.ActiveCfg = Debug|Any CPU
		{90A4C9CA-3762-4A67-8210-CCC63B78848F}.DebugNET2|Any CPU.Build.0 = Debug|Any CPU
		{90A4C9CA-3762-4A67-8210-CCC63B78848F}.DebugNET35|Any CPU.ActiveCfg = Debug|Any CPU
		{90A4C9CA-3762-4A67-8210-CCC63B78848F}.DebugNET35|Any CPU.Build.0 = Debug|Any CPU
		{90A4C9CA-3762-4A67-8210-CCC63B78848F}.DebugNET4|Any CPU.ActiveCfg = Debug|Any CPU
		{90A4C9CA-3762-4A67-8210-CCC63B78848F}.DebugNET4|Any CPU.Build.0 = Debug|Any CPU
		{90A4C9CA-3762-4A67-8210-CCC63B78848F}.Release|Any CPU.ActiveCfg = Release|Any CPU
		{90A4C9CA-3762-4A67-8210-CCC63B78848F}.Release|Any CPU.Build.0 = Release|Any CPU
		{90A4C9CA-3762-4A67-8210-CCC63B78848F}.ReleaseNET2|Any CPU.ActiveCfg = Release|Any CPU
		{90A4C9CA-3762-4A67-8210-CCC63B78848F}.ReleaseNET2|Any CPU.Build.0 = Release|Any CPU
		{90A4C9CA-3762-4A67-8210-CCC63B78848F}.ReleaseNET35|Any CPU.ActiveCfg = Release|Any CPU
		{90A4C9CA-3762-4A67-8210-CCC63B78848F}.ReleaseNET35|Any CPU.Build.0 = Release|Any CPU
		{90A4C9CA-3762-4A67-8210-CCC63B78848F}.ReleaseNET4|Any CPU.ActiveCfg = Release|Any CPU
		{90A4C9CA-3762-4A67-8210-CCC63B78848F}.ReleaseNET4|Any CPU.Build.0 = Release|Any CPU
		{34CB062A-ECB9-448C-9A71-72A0B9D8E1E4}.Debug|Any CPU.ActiveCfg = Debug|Any CPU
		{34CB062A-ECB9-448C-9A71-72A0B9D8E1E4}.Debug|Any CPU.Build.0 = Debug|Any CPU
		{34CB062A-ECB9-448C-9A71-72A0B9D8E1E4}.DebugNET2|Any CPU.ActiveCfg = Debug|Any CPU
		{34CB062A-ECB9-448C-9A71-72A0B9D8E1E4}.DebugNET2|Any CPU.Build.0 = Debug|Any CPU
		{34CB062A-ECB9-448C-9A71-72A0B9D8E1E4}.DebugNET35|Any CPU.ActiveCfg = Debug|Any CPU
		{34CB062A-ECB9-448C-9A71-72A0B9D8E1E4}.DebugNET35|Any CPU.Build.0 = Debug|Any CPU
		{34CB062A-ECB9-448C-9A71-72A0B9D8E1E4}.DebugNET4|Any CPU.ActiveCfg = Debug|Any CPU
		{34CB062A-ECB9-448C-9A71-72A0B9D8E1E4}.DebugNET4|Any CPU.Build.0 = Debug|Any CPU
		{34CB062A-ECB9-448C-9A71-72A0B9D8E1E4}.Release|Any CPU.ActiveCfg = Release|Any CPU
		{34CB062A-ECB9-448C-9A71-72A0B9D8E1E4}.Release|Any CPU.Build.0 = Release|Any CPU
		{34CB062A-ECB9-448C-9A71-72A0B9D8E1E4}.ReleaseNET2|Any CPU.ActiveCfg = Release|Any CPU
		{34CB062A-ECB9-448C-9A71-72A0B9D8E1E4}.ReleaseNET2|Any CPU.Build.0 = Release|Any CPU
		{34CB062A-ECB9-448C-9A71-72A0B9D8E1E4}.ReleaseNET35|Any CPU.ActiveCfg = Release|Any CPU
		{34CB062A-ECB9-448C-9A71-72A0B9D8E1E4}.ReleaseNET35|Any CPU.Build.0 = Release|Any CPU
		{34CB062A-ECB9-448C-9A71-72A0B9D8E1E4}.ReleaseNET4|Any CPU.ActiveCfg = Release|Any CPU
		{34CB062A-ECB9-448C-9A71-72A0B9D8E1E4}.ReleaseNET4|Any CPU.Build.0 = Release|Any CPU
		{3BE0C84D-FF68-4882-93DB-EE6120355E5D}.Debug|Any CPU.ActiveCfg = Debug|Any CPU
		{3BE0C84D-FF68-4882-93DB-EE6120355E5D}.Debug|Any CPU.Build.0 = Debug|Any CPU
		{3BE0C84D-FF68-4882-93DB-EE6120355E5D}.DebugNET2|Any CPU.ActiveCfg = Debug|Any CPU
		{3BE0C84D-FF68-4882-93DB-EE6120355E5D}.DebugNET2|Any CPU.Build.0 = Debug|Any CPU
		{3BE0C84D-FF68-4882-93DB-EE6120355E5D}.DebugNET35|Any CPU.ActiveCfg = Debug|Any CPU
		{3BE0C84D-FF68-4882-93DB-EE6120355E5D}.DebugNET35|Any CPU.Build.0 = Debug|Any CPU
		{3BE0C84D-FF68-4882-93DB-EE6120355E5D}.DebugNET4|Any CPU.ActiveCfg = Debug|Any CPU
		{3BE0C84D-FF68-4882-93DB-EE6120355E5D}.DebugNET4|Any CPU.Build.0 = Debug|Any CPU
		{3BE0C84D-FF68-4882-93DB-EE6120355E5D}.Release|Any CPU.ActiveCfg = Release|Any CPU
		{3BE0C84D-FF68-4882-93DB-EE6120355E5D}.Release|Any CPU.Build.0 = Release|Any CPU
		{3BE0C84D-FF68-4882-93DB-EE6120355E5D}.ReleaseNET2|Any CPU.ActiveCfg = Release|Any CPU
		{3BE0C84D-FF68-4882-93DB-EE6120355E5D}.ReleaseNET2|Any CPU.Build.0 = Release|Any CPU
		{3BE0C84D-FF68-4882-93DB-EE6120355E5D}.ReleaseNET35|Any CPU.ActiveCfg = Release|Any CPU
		{3BE0C84D-FF68-4882-93DB-EE6120355E5D}.ReleaseNET35|Any CPU.Build.0 = Release|Any CPU
		{3BE0C84D-FF68-4882-93DB-EE6120355E5D}.ReleaseNET4|Any CPU.ActiveCfg = Release|Any CPU
		{3BE0C84D-FF68-4882-93DB-EE6120355E5D}.ReleaseNET4|Any CPU.Build.0 = Release|Any CPU
		{35840481-B90C-44AD-8017-E494CDDE1D3D}.Debug|Any CPU.ActiveCfg = Debug|Any CPU
		{35840481-B90C-44AD-8017-E494CDDE1D3D}.Debug|Any CPU.Build.0 = Debug|Any CPU
		{35840481-B90C-44AD-8017-E494CDDE1D3D}.DebugNET2|Any CPU.ActiveCfg = Debug|Any CPU
		{35840481-B90C-44AD-8017-E494CDDE1D3D}.DebugNET2|Any CPU.Build.0 = Debug|Any CPU
		{35840481-B90C-44AD-8017-E494CDDE1D3D}.DebugNET35|Any CPU.ActiveCfg = Debug|Any CPU
		{35840481-B90C-44AD-8017-E494CDDE1D3D}.DebugNET35|Any CPU.Build.0 = Debug|Any CPU
		{35840481-B90C-44AD-8017-E494CDDE1D3D}.DebugNET4|Any CPU.ActiveCfg = Debug|Any CPU
		{35840481-B90C-44AD-8017-E494CDDE1D3D}.DebugNET4|Any CPU.Build.0 = Debug|Any CPU
		{35840481-B90C-44AD-8017-E494CDDE1D3D}.Release|Any CPU.ActiveCfg = Release|Any CPU
		{35840481-B90C-44AD-8017-E494CDDE1D3D}.Release|Any CPU.Build.0 = Release|Any CPU
		{35840481-B90C-44AD-8017-E494CDDE1D3D}.ReleaseNET2|Any CPU.ActiveCfg = Release|Any CPU
		{35840481-B90C-44AD-8017-E494CDDE1D3D}.ReleaseNET2|Any CPU.Build.0 = Release|Any CPU
		{35840481-B90C-44AD-8017-E494CDDE1D3D}.ReleaseNET35|Any CPU.ActiveCfg = Release|Any CPU
		{35840481-B90C-44AD-8017-E494CDDE1D3D}.ReleaseNET35|Any CPU.Build.0 = Release|Any CPU
		{35840481-B90C-44AD-8017-E494CDDE1D3D}.ReleaseNET4|Any CPU.ActiveCfg = Release|Any CPU
		{35840481-B90C-44AD-8017-E494CDDE1D3D}.ReleaseNET4|Any CPU.Build.0 = Release|Any CPU
		{BA55BDA0-8955-4762-9812-59E367B6C60B}.Debug|Any CPU.ActiveCfg = Debug|Any CPU
		{BA55BDA0-8955-4762-9812-59E367B6C60B}.Debug|Any CPU.Build.0 = Debug|Any CPU
		{BA55BDA0-8955-4762-9812-59E367B6C60B}.DebugNET2|Any CPU.ActiveCfg = Debug|Any CPU
		{BA55BDA0-8955-4762-9812-59E367B6C60B}.DebugNET2|Any CPU.Build.0 = Debug|Any CPU
		{BA55BDA0-8955-4762-9812-59E367B6C60B}.DebugNET35|Any CPU.ActiveCfg = Debug|Any CPU
		{BA55BDA0-8955-4762-9812-59E367B6C60B}.DebugNET35|Any CPU.Build.0 = Debug|Any CPU
		{BA55BDA0-8955-4762-9812-59E367B6C60B}.DebugNET4|Any CPU.ActiveCfg = Debug|Any CPU
		{BA55BDA0-8955-4762-9812-59E367B6C60B}.DebugNET4|Any CPU.Build.0 = Debug|Any CPU
		{BA55BDA0-8955-4762-9812-59E367B6C60B}.Release|Any CPU.ActiveCfg = Release|Any CPU
		{BA55BDA0-8955-4762-9812-59E367B6C60B}.Release|Any CPU.Build.0 = Release|Any CPU
		{BA55BDA0-8955-4762-9812-59E367B6C60B}.ReleaseNET2|Any CPU.ActiveCfg = Release|Any CPU
		{BA55BDA0-8955-4762-9812-59E367B6C60B}.ReleaseNET2|Any CPU.Build.0 = Release|Any CPU
		{BA55BDA0-8955-4762-9812-59E367B6C60B}.ReleaseNET35|Any CPU.ActiveCfg = Release|Any CPU
		{BA55BDA0-8955-4762-9812-59E367B6C60B}.ReleaseNET35|Any CPU.Build.0 = Release|Any CPU
		{BA55BDA0-8955-4762-9812-59E367B6C60B}.ReleaseNET4|Any CPU.ActiveCfg = Release|Any CPU
		{BA55BDA0-8955-4762-9812-59E367B6C60B}.ReleaseNET4|Any CPU.Build.0 = Release|Any CPU
		{2E4DB3E2-D455-4A63-9729-BECB957A65EB}.Debug|Any CPU.ActiveCfg = Debug|Any CPU
		{2E4DB3E2-D455-4A63-9729-BECB957A65EB}.Debug|Any CPU.Build.0 = Debug|Any CPU
		{2E4DB3E2-D455-4A63-9729-BECB957A65EB}.DebugNET2|Any CPU.ActiveCfg = Debug|Any CPU
		{2E4DB3E2-D455-4A63-9729-BECB957A65EB}.DebugNET2|Any CPU.Build.0 = Debug|Any CPU
		{2E4DB3E2-D455-4A63-9729-BECB957A65EB}.DebugNET35|Any CPU.ActiveCfg = Debug|Any CPU
		{2E4DB3E2-D455-4A63-9729-BECB957A65EB}.DebugNET35|Any CPU.Build.0 = Debug|Any CPU
		{2E4DB3E2-D455-4A63-9729-BECB957A65EB}.DebugNET4|Any CPU.ActiveCfg = Debug|Any CPU
		{2E4DB3E2-D455-4A63-9729-BECB957A65EB}.DebugNET4|Any CPU.Build.0 = Debug|Any CPU
		{2E4DB3E2-D455-4A63-9729-BECB957A65EB}.Release|Any CPU.ActiveCfg = Release|Any CPU
		{2E4DB3E2-D455-4A63-9729-BECB957A65EB}.Release|Any CPU.Build.0 = Release|Any CPU
		{2E4DB3E2-D455-4A63-9729-BECB957A65EB}.ReleaseNET2|Any CPU.ActiveCfg = Release|Any CPU
		{2E4DB3E2-D455-4A63-9729-BECB957A65EB}.ReleaseNET2|Any CPU.Build.0 = Release|Any CPU
		{2E4DB3E2-D455-4A63-9729-BECB957A65EB}.ReleaseNET35|Any CPU.ActiveCfg = Release|Any CPU
		{2E4DB3E2-D455-4A63-9729-BECB957A65EB}.ReleaseNET35|Any CPU.Build.0 = Release|Any CPU
		{2E4DB3E2-D455-4A63-9729-BECB957A65EB}.ReleaseNET4|Any CPU.ActiveCfg = Release|Any CPU
		{2E4DB3E2-D455-4A63-9729-BECB957A65EB}.ReleaseNET4|Any CPU.Build.0 = Release|Any CPU
		{DE866D0A-5A0E-43EE-AA5B-577982970189}.Debug|Any CPU.ActiveCfg = Debug|Any CPU
		{DE866D0A-5A0E-43EE-AA5B-577982970189}.Debug|Any CPU.Build.0 = Debug|Any CPU
		{DE866D0A-5A0E-43EE-AA5B-577982970189}.DebugNET2|Any CPU.ActiveCfg = Debug|Any CPU
		{DE866D0A-5A0E-43EE-AA5B-577982970189}.DebugNET2|Any CPU.Build.0 = Debug|Any CPU
		{DE866D0A-5A0E-43EE-AA5B-577982970189}.DebugNET35|Any CPU.ActiveCfg = Debug|Any CPU
		{DE866D0A-5A0E-43EE-AA5B-577982970189}.DebugNET35|Any CPU.Build.0 = Debug|Any CPU
		{DE866D0A-5A0E-43EE-AA5B-577982970189}.DebugNET4|Any CPU.ActiveCfg = Debug|Any CPU
		{DE866D0A-5A0E-43EE-AA5B-577982970189}.DebugNET4|Any CPU.Build.0 = Debug|Any CPU
		{DE866D0A-5A0E-43EE-AA5B-577982970189}.Release|Any CPU.ActiveCfg = Release|Any CPU
		{DE866D0A-5A0E-43EE-AA5B-577982970189}.Release|Any CPU.Build.0 = Release|Any CPU
		{DE866D0A-5A0E-43EE-AA5B-577982970189}.ReleaseNET2|Any CPU.ActiveCfg = Release|Any CPU
		{DE866D0A-5A0E-43EE-AA5B-577982970189}.ReleaseNET2|Any CPU.Build.0 = Release|Any CPU
		{DE866D0A-5A0E-43EE-AA5B-577982970189}.ReleaseNET35|Any CPU.ActiveCfg = Release|Any CPU
		{DE866D0A-5A0E-43EE-AA5B-577982970189}.ReleaseNET35|Any CPU.Build.0 = Release|Any CPU
		{DE866D0A-5A0E-43EE-AA5B-577982970189}.ReleaseNET4|Any CPU.ActiveCfg = Release|Any CPU
		{DE866D0A-5A0E-43EE-AA5B-577982970189}.ReleaseNET4|Any CPU.Build.0 = Release|Any CPU
		{E963B766-56BF-4966-8917-88C1EE69D61A}.Debug|Any CPU.ActiveCfg = Debug|Any CPU
		{E963B766-56BF-4966-8917-88C1EE69D61A}.Debug|Any CPU.Build.0 = Debug|Any CPU
		{E963B766-56BF-4966-8917-88C1EE69D61A}.DebugNET2|Any CPU.ActiveCfg = DebugNET2|Any CPU
		{E963B766-56BF-4966-8917-88C1EE69D61A}.DebugNET2|Any CPU.Build.0 = DebugNET2|Any CPU
		{E963B766-56BF-4966-8917-88C1EE69D61A}.DebugNET35|Any CPU.ActiveCfg = DebugNET35|Any CPU
		{E963B766-56BF-4966-8917-88C1EE69D61A}.DebugNET35|Any CPU.Build.0 = DebugNET35|Any CPU
		{E963B766-56BF-4966-8917-88C1EE69D61A}.DebugNET4|Any CPU.ActiveCfg = DebugNET4|Any CPU
		{E963B766-56BF-4966-8917-88C1EE69D61A}.DebugNET4|Any CPU.Build.0 = DebugNET4|Any CPU
		{E963B766-56BF-4966-8917-88C1EE69D61A}.Release|Any CPU.ActiveCfg = Release|Any CPU
		{E963B766-56BF-4966-8917-88C1EE69D61A}.Release|Any CPU.Build.0 = Release|Any CPU
		{E963B766-56BF-4966-8917-88C1EE69D61A}.ReleaseNET2|Any CPU.ActiveCfg = ReleaseNET2|Any CPU
		{E963B766-56BF-4966-8917-88C1EE69D61A}.ReleaseNET2|Any CPU.Build.0 = ReleaseNET2|Any CPU
		{E963B766-56BF-4966-8917-88C1EE69D61A}.ReleaseNET35|Any CPU.ActiveCfg = ReleaseNET35|Any CPU
		{E963B766-56BF-4966-8917-88C1EE69D61A}.ReleaseNET35|Any CPU.Build.0 = ReleaseNET35|Any CPU
		{E963B766-56BF-4966-8917-88C1EE69D61A}.ReleaseNET4|Any CPU.ActiveCfg = ReleaseNET4|Any CPU
		{E963B766-56BF-4966-8917-88C1EE69D61A}.ReleaseNET4|Any CPU.Build.0 = ReleaseNET4|Any CPU
	EndGlobalSection
	GlobalSection(SolutionProperties) = preSolution
		HideSolutionNode = FALSE
	EndGlobalSection
	GlobalSection(NestedProjects) = preSolution
		{5445DA03-0BFF-4948-9609-BC3C98F933AF} = {F8861935-9881-4E10-88C9-2AA04DA7D14D}
		{557DCFEE-57B0-48CC-A503-9613F5C7DB2E} = {F8861935-9881-4E10-88C9-2AA04DA7D14D}
		{90A4C9CA-3762-4A67-8210-CCC63B78848F} = {F8861935-9881-4E10-88C9-2AA04DA7D14D}
		{34CB062A-ECB9-448C-9A71-72A0B9D8E1E4} = {F8861935-9881-4E10-88C9-2AA04DA7D14D}
		{3BE0C84D-FF68-4882-93DB-EE6120355E5D} = {F8861935-9881-4E10-88C9-2AA04DA7D14D}
		{35840481-B90C-44AD-8017-E494CDDE1D3D} = {F8861935-9881-4E10-88C9-2AA04DA7D14D}
		{BA55BDA0-8955-4762-9812-59E367B6C60B} = {F8861935-9881-4E10-88C9-2AA04DA7D14D}
		{DE866D0A-5A0E-43EE-AA5B-577982970189} = {F8861935-9881-4E10-88C9-2AA04DA7D14D}
		{E963B766-56BF-4966-8917-88C1EE69D61A} = {F8861935-9881-4E10-88C9-2AA04DA7D14D}
	EndGlobalSection
	GlobalSection(ExtensibilityGlobals) = postSolution
		SolutionGuid = {B9BD3541-E8C5-4BEE-AF85-0C6E67C85690}
	EndGlobalSection
	GlobalSection(TeamFoundationVersionControl) = preSolution
		SccNumberOfProjects = 11
		SccEnterpriseProvider = {4CA58AB2-18FA-4F8D-95D4-32DDF27D184C}
		SccTeamFoundationServer = http://w2server02:8080/tfs/packagev5
		SccProjectUniqueName0 = ..\\..\\Commons\\w2.Domain\\w2.Domain.csproj
		SccProjectTopLevelParentUniqueName0 = R5044_Kagome.Develop.w2.Commerce.Batch.CrossPointCooperation.sln
		SccProjectName0 = ../../Commons/w2.Domain
		SccLocalPath0 = ..\\..\\Commons\\w2.Domain
		SccProjectUniqueName1 = ..\\..\\Commons\\w2.Database.Common\\w2.Database.Common.csproj
		SccProjectTopLevelParentUniqueName1 = R5044_Kagome.Develop.w2.Commerce.Batch.CrossPointCooperation.sln
		SccProjectName1 = ../../Commons/w2.Database.Common
		SccLocalPath1 = ..\\..\\Commons\\w2.Database.Common
		SccProjectUniqueName2 = ..\\..\\Commons\\w2.CustomerResources\\w2.CustomerResources.csproj
		SccProjectTopLevelParentUniqueName2 = R5044_Kagome.Develop.w2.Commerce.Batch.CrossPointCooperation.sln
		SccProjectName2 = ../../Commons/w2.CustomerResources
		SccLocalPath2 = ..\\..\\Commons\\w2.CustomerResources
		SccProjectUniqueName3 = ..\\..\\Commons\\w2.Common\\w2.Common.csproj
		SccProjectTopLevelParentUniqueName3 = R5044_Kagome.Develop.w2.Commerce.Batch.CrossPointCooperation.sln
		SccProjectName3 = ../../Commons/w2.Common
		SccLocalPath3 = ..\\..\\Commons\\w2.Common
		SccProjectUniqueName4 = ..\\..\\Commons\\w2.App.Common\\w2.App.Common.csproj
		SccProjectTopLevelParentUniqueName4 = R5044_Kagome.Develop.w2.Commerce.Batch.CrossPointCooperation.sln
		SccProjectName4 = ../../Commons/w2.App.Common
		SccLocalPath4 = ..\\..\\Commons\\w2.App.Common
		SccProjectUniqueName5 = ..\\..\\Commons\\w2.Plugin\\w2.Plugin.csproj
		SccProjectTopLevelParentUniqueName5 = R5044_Kagome.Develop.w2.Commerce.Batch.CrossPointCooperation.sln
		SccProjectName5 = ../../Commons/w2.Plugin
		SccLocalPath5 = ..\\..\\Commons\\w2.Plugin
		SccProjectUniqueName6 = ..\\..\\Commons\\w2.Cryptography\\w2.Cryptography.csproj
		SccProjectTopLevelParentUniqueName6 = R5044_Kagome.Develop.w2.Commerce.Batch.CrossPointCooperation.sln
		SccProjectName6 = ../../Commons/w2.Cryptography
		SccLocalPath6 = ..\\..\\Commons\\w2.Cryptography
		SccProjectUniqueName7 = CrossPointCooperation.csproj
		SccLocalPath7 = .
		SccProjectUniqueName8 = ..\\..\\Commons\\w2.ExternalAPI.Common\\w2.ExternalAPI.Common.csproj
		SccProjectTopLevelParentUniqueName8 = R5044_Kagome.Develop.w2.Commerce.Batch.CrossPointCooperation.sln
		SccProjectName8 = ../../Commons/w2.ExternalAPI.Common
		SccLocalPath8 = ..\\..\\Commons\\w2.ExternalAPI.Common
		SccProjectUniqueName9 = ..\\..\\Commons\\FluentFTP\\FluentFTP.csproj
		SccProjectTopLevelParentUniqueName9 = R5044_Kagome.Develop.w2.Commerce.Batch.CrossPointCooperation.sln
		SccProjectName9 = ../../Commons/FluentFTP
		SccLocalPath9 = ..\\..\\Commons\\FluentFTP
		SccLocalPath10 = .
	EndGlobalSection
EndGlobal
