
Microsoft Visual Studio Solution File, Format Version 12.00
# Visual Studio 2012
Project("{FAE04EC0-301F-11D3-BF4B-00C04F79EFBC}") = "YamatoTest", "YamatoTest.csproj", "{9B5BB195-0630-4FAC-8160-BE2D34ACA3C2}"
EndProject
Project("{FAE04EC0-301F-11D3-BF4B-00C04F79EFBC}") = "w2.App.Common", "..\..\Commons\w2.App.Common\w2.App.Common.csproj", "{3BE0C84D-FF68-4882-93DB-EE6120355E5D}"
EndProject
Project("{FAE04EC0-301F-11D3-BF4B-00C04F79EFBC}") = "w2.Common", "..\..\Commons\w2.Common\w2.Common.csproj", "{34CB062A-ECB9-448C-9A71-72A0B9D8E1E4}"
EndProject
Project("{FAE04EC0-301F-11D3-BF4B-00C04F79EFBC}") = "w2.Database.Common", "..\..\Commons\w2.Database.Common\w2.Database.Common.csproj", "{557DCFEE-57B0-48CC-A503-9613F5C7DB2E}"
EndProject
Project("{FAE04EC0-301F-11D3-BF4B-00C04F79EFBC}") = "w2.Cryptography", "..\..\Commons\w2.Cryptography\w2.Cryptography.csproj", "{BA55BDA0-8955-4762-9812-59E367B6C60B}"
EndProject
Project("{FAE04EC0-301F-11D3-BF4B-00C04F79EFBC}") = "w2.Plugin", "..\..\Commons\w2.Plugin\w2.Plugin.csproj", "{35840481-B90C-44AD-8017-E494CDDE1D3D}"
EndProject
Project("{FAE04EC0-301F-11D3-BF4B-00C04F79EFBC}") = "w2.Domain", "..\..\Commons\w2.Domain\w2.Domain.csproj", "{5445DA03-0BFF-4948-9609-BC3C98F933AF}"
EndProject
Global
	GlobalSection(TeamFoundationVersionControl) = preSolution
		SccNumberOfProjects = 6
		SccEnterpriseProvider = {4CA58AB2-18FA-4F8D-95D4-32DDF27D184C}
		SccTeamFoundationServer = http://w2server02:8080/tfs/packagev5
		SccProjectUniqueName0 = ..\\..\\Commons\\w2.App.Common\\w2.App.Common.csproj
		SccProjectName0 = ../../Commons/w2.App.Common
		SccAuxPath0 = http://w2server02:8080/tfs/packagev5
		SccLocalPath0 = ..\\..\\Commons\\w2.App.Common
		SccProvider0 = {4CA58AB2-18FA-4F8D-95D4-32DDF27D184C}
		SccProjectUniqueName1 = ..\\..\\Commons\\w2.Common\\w2.Common.csproj
		SccProjectName1 = ../../Commons/w2.Common
		SccAuxPath1 = http://w2server02:8080/tfs/packagev5
		SccLocalPath1 = ..\\..\\Commons\\w2.Common
		SccProvider1 = {4CA58AB2-18FA-4F8D-95D4-32DDF27D184C}
		SccProjectUniqueName2 = ..\\..\\Commons\\w2.Database.Common\\w2.Database.Common.csproj
		SccProjectName2 = ../../Commons/w2.Database.Common
		SccAuxPath2 = http://w2server02:8080/tfs/packagev5
		SccLocalPath2 = ..\\..\\Commons\\w2.Database.Common
		SccProvider2 = {4CA58AB2-18FA-4F8D-95D4-32DDF27D184C}
		SccProjectUniqueName3 = ..\\..\\Commons\\w2.Cryptography\\w2.Cryptography.csproj
		SccProjectName3 = ../../Commons/w2.Cryptography
		SccAuxPath3 = http://w2server02:8080/tfs/packagev5
		SccLocalPath3 = ..\\..\\Commons\\w2.Cryptography
		SccProvider3 = {4CA58AB2-18FA-4F8D-95D4-32DDF27D184C}
		SccProjectUniqueName4 = ..\\..\\Commons\\w2.Plugin\\w2.Plugin.csproj
		SccProjectName4 = ../../Commons/w2.Plugin
		SccAuxPath4 = http://w2server02:8080/tfs/packagev5
		SccLocalPath4 = ..\\..\\Commons\\w2.Plugin
		SccProvider4 = {4CA58AB2-18FA-4F8D-95D4-32DDF27D184C}
		SccProjectUniqueName5 = ..\\..\\Commons\\w2.Domain\\w2.Domain.csproj
		SccProjectName5 = ../../Commons/w2.Domain
		SccAuxPath5 = http://w2server02:8080/tfs/packagev5
		SccLocalPath5 = ..\\..\\Commons\\w2.Domain
		SccProvider5 = {4CA58AB2-18FA-4F8D-95D4-32DDF27D184C}
	EndGlobalSection
	GlobalSection(SolutionConfigurationPlatforms) = preSolution
		Debug|Any CPU = Debug|Any CPU
		Release|Any CPU = Release|Any CPU
	EndGlobalSection
	GlobalSection(ProjectConfigurationPlatforms) = postSolution
		{9B5BB195-0630-4FAC-8160-BE2D34ACA3C2}.Debug|Any CPU.ActiveCfg = Debug|Any CPU
		{9B5BB195-0630-4FAC-8160-BE2D34ACA3C2}.Debug|Any CPU.Build.0 = Debug|Any CPU
		{9B5BB195-0630-4FAC-8160-BE2D34ACA3C2}.Release|Any CPU.ActiveCfg = Release|Any CPU
		{9B5BB195-0630-4FAC-8160-BE2D34ACA3C2}.Release|Any CPU.Build.0 = Release|Any CPU
		{3BE0C84D-FF68-4882-93DB-EE6120355E5D}.Debug|Any CPU.ActiveCfg = Debug|Any CPU
		{3BE0C84D-FF68-4882-93DB-EE6120355E5D}.Debug|Any CPU.Build.0 = Debug|Any CPU
		{3BE0C84D-FF68-4882-93DB-EE6120355E5D}.Release|Any CPU.ActiveCfg = Release|Any CPU
		{3BE0C84D-FF68-4882-93DB-EE6120355E5D}.Release|Any CPU.Build.0 = Release|Any CPU
		{34CB062A-ECB9-448C-9A71-72A0B9D8E1E4}.Debug|Any CPU.ActiveCfg = Debug|Any CPU
		{34CB062A-ECB9-448C-9A71-72A0B9D8E1E4}.Debug|Any CPU.Build.0 = Debug|Any CPU
		{34CB062A-ECB9-448C-9A71-72A0B9D8E1E4}.Release|Any CPU.ActiveCfg = Release|Any CPU
		{34CB062A-ECB9-448C-9A71-72A0B9D8E1E4}.Release|Any CPU.Build.0 = Release|Any CPU
		{557DCFEE-57B0-48CC-A503-9613F5C7DB2E}.Debug|Any CPU.ActiveCfg = Debug|Any CPU
		{557DCFEE-57B0-48CC-A503-9613F5C7DB2E}.Debug|Any CPU.Build.0 = Debug|Any CPU
		{557DCFEE-57B0-48CC-A503-9613F5C7DB2E}.Release|Any CPU.ActiveCfg = Release|Any CPU
		{557DCFEE-57B0-48CC-A503-9613F5C7DB2E}.Release|Any CPU.Build.0 = Release|Any CPU
		{BA55BDA0-8955-4762-9812-59E367B6C60B}.Debug|Any CPU.ActiveCfg = Debug|Any CPU
		{BA55BDA0-8955-4762-9812-59E367B6C60B}.Debug|Any CPU.Build.0 = Debug|Any CPU
		{BA55BDA0-8955-4762-9812-59E367B6C60B}.Release|Any CPU.ActiveCfg = Release|Any CPU
		{BA55BDA0-8955-4762-9812-59E367B6C60B}.Release|Any CPU.Build.0 = Release|Any CPU
		{35840481-B90C-44AD-8017-E494CDDE1D3D}.Debug|Any CPU.ActiveCfg = Debug|Any CPU
		{35840481-B90C-44AD-8017-E494CDDE1D3D}.Debug|Any CPU.Build.0 = Debug|Any CPU
		{35840481-B90C-44AD-8017-E494CDDE1D3D}.Release|Any CPU.ActiveCfg = Release|Any CPU
		{35840481-B90C-44AD-8017-E494CDDE1D3D}.Release|Any CPU.Build.0 = Release|Any CPU
		{5445DA03-0BFF-4948-9609-BC3C98F933AF}.Debug|Any CPU.ActiveCfg = Debug|Any CPU
		{5445DA03-0BFF-4948-9609-BC3C98F933AF}.Debug|Any CPU.Build.0 = Debug|Any CPU
		{5445DA03-0BFF-4948-9609-BC3C98F933AF}.Release|Any CPU.ActiveCfg = Release|Any CPU
		{5445DA03-0BFF-4948-9609-BC3C98F933AF}.Release|Any CPU.Build.0 = Release|Any CPU
	EndGlobalSection
	GlobalSection(SolutionProperties) = preSolution
		HideSolutionNode = FALSE
	EndGlobalSection
EndGlobal
