
Microsoft Visual Studio Solution File, Format Version 11.00
# Visual Studio 2010
Project("{FAE04EC0-301F-11D3-BF4B-00C04F79EFBC}") = "w2.Test.Common", "w2.Test.Common.csproj", "{848672D4-031E-4F24-9BBF-1D6DCE52C78A}"
EndProject
Project("{FAE04EC0-301F-11D3-BF4B-00C04F79EFBC}") = "w2.App.Common", "..\w2.App.Common\w2.App.Common.csproj", "{3BE0C84D-FF68-4882-93DB-EE6120355E5D}"
EndProject
Project("{FAE04EC0-301F-11D3-BF4B-00C04F79EFBC}") = "w2.App.Common.Pdf", "..\w2.App.Common.Pdf\w2.App.Common.Pdf.csproj", "{08C74246-807E-41F5-92BA-7B7A8215A08B}"
EndProject
Project("{FAE04EC0-301F-11D3-BF4B-00C04F79EFBC}") = "w2.Common", "..\w2.Common\w2.Common.csproj", "{34CB062A-ECB9-448C-9A71-72A0B9D8E1E4}"
EndProject
Project("{FAE04EC0-301F-11D3-BF4B-00C04F79EFBC}") = "w2.Cryptography", "..\w2.Cryptography\w2.Cryptography.csproj", "{BA55BDA0-8955-4762-9812-59E367B6C60B}"
EndProject
Project("{FAE04EC0-301F-11D3-BF4B-00C04F79EFBC}") = "w2.Database.Common", "..\w2.Database.Common\w2.Database.Common.csproj", "{557DCFEE-57B0-48CC-A503-9613F5C7DB2E}"
EndProject
Project("{FAE04EC0-301F-11D3-BF4B-00C04F79EFBC}") = "w2.Plugin", "..\w2.Plugin\w2.Plugin.csproj", "{35840481-B90C-44AD-8017-E494CDDE1D3D}"
EndProject
Project("{2150E333-8FDC-42A3-9474-1A3956D46DE8}") = "Solution Items", "Solution Items", "{A68CBF17-0745-4780-BBA3-7E6AD8825372}"
	ProjectSection(SolutionItems) = preProject
		readme.txt = readme.txt
	EndProjectSection
EndProject
Global
	GlobalSection(TeamFoundationVersionControl) = preSolution
		SccNumberOfProjects = 8
		SccEnterpriseProvider = {4CA58AB2-18FA-4F8D-95D4-32DDF27D184C}
		SccTeamFoundationServer = http://w2server02:8080/tfs/packagev5
		SccLocalPath0 = .
		SccProjectUniqueName1 = ..\\w2.App.Common\\w2.App.Common.csproj
		SccProjectName1 = ../w2.App.Common
		SccLocalPath1 = ..\\w2.App.Common
		SccProjectUniqueName2 = ..\\w2.App.Common.Pdf\\w2.App.Common.Pdf.csproj
		SccProjectName2 = ../w2.App.Common.Pdf
		SccLocalPath2 = ..\\w2.App.Common.Pdf
		SccProjectUniqueName3 = ..\\w2.Common\\w2.Common.csproj
		SccProjectName3 = ../w2.Common
		SccLocalPath3 = ..\\w2.Common
		SccProjectUniqueName4 = ..\\w2.Cryptography\\w2.Cryptography.csproj
		SccProjectName4 = ../w2.Cryptography
		SccLocalPath4 = ..\\w2.Cryptography
		SccProjectUniqueName5 = ..\\w2.Database.Common\\w2.Database.Common.csproj
		SccProjectName5 = ../w2.Database.Common
		SccLocalPath5 = ..\\w2.Database.Common
		SccProjectUniqueName6 = ..\\w2.Plugin\\w2.Plugin.csproj
		SccProjectName6 = ../w2.Plugin
		SccLocalPath6 = ..\\w2.Plugin
		SccProjectUniqueName7 = w2.Test.Common.csproj
		SccLocalPath7 = .
	EndGlobalSection
	GlobalSection(SolutionConfigurationPlatforms) = preSolution
		Debug|Any CPU = Debug|Any CPU
		Release|Any CPU = Release|Any CPU
	EndGlobalSection
	GlobalSection(ProjectConfigurationPlatforms) = postSolution
		{848672D4-031E-4F24-9BBF-1D6DCE52C78A}.Debug|Any CPU.ActiveCfg = Debug|Any CPU
		{848672D4-031E-4F24-9BBF-1D6DCE52C78A}.Debug|Any CPU.Build.0 = Debug|Any CPU
		{848672D4-031E-4F24-9BBF-1D6DCE52C78A}.Release|Any CPU.ActiveCfg = Release|Any CPU
		{848672D4-031E-4F24-9BBF-1D6DCE52C78A}.Release|Any CPU.Build.0 = Release|Any CPU
		{3BE0C84D-FF68-4882-93DB-EE6120355E5D}.Debug|Any CPU.ActiveCfg = Debug|Any CPU
		{3BE0C84D-FF68-4882-93DB-EE6120355E5D}.Debug|Any CPU.Build.0 = Debug|Any CPU
		{3BE0C84D-FF68-4882-93DB-EE6120355E5D}.Release|Any CPU.ActiveCfg = Release|Any CPU
		{3BE0C84D-FF68-4882-93DB-EE6120355E5D}.Release|Any CPU.Build.0 = Release|Any CPU
		{08C74246-807E-41F5-92BA-7B7A8215A08B}.Debug|Any CPU.ActiveCfg = Debug|Any CPU
		{08C74246-807E-41F5-92BA-7B7A8215A08B}.Debug|Any CPU.Build.0 = Debug|Any CPU
		{08C74246-807E-41F5-92BA-7B7A8215A08B}.Release|Any CPU.ActiveCfg = Release|Any CPU
		{08C74246-807E-41F5-92BA-7B7A8215A08B}.Release|Any CPU.Build.0 = Release|Any CPU
		{34CB062A-ECB9-448C-9A71-72A0B9D8E1E4}.Debug|Any CPU.ActiveCfg = Debug|Any CPU
		{34CB062A-ECB9-448C-9A71-72A0B9D8E1E4}.Debug|Any CPU.Build.0 = Debug|Any CPU
		{34CB062A-ECB9-448C-9A71-72A0B9D8E1E4}.Release|Any CPU.ActiveCfg = Release|Any CPU
		{34CB062A-ECB9-448C-9A71-72A0B9D8E1E4}.Release|Any CPU.Build.0 = Release|Any CPU
		{BA55BDA0-8955-4762-9812-59E367B6C60B}.Debug|Any CPU.ActiveCfg = Debug|Any CPU
		{BA55BDA0-8955-4762-9812-59E367B6C60B}.Debug|Any CPU.Build.0 = Debug|Any CPU
		{BA55BDA0-8955-4762-9812-59E367B6C60B}.Release|Any CPU.ActiveCfg = Release|Any CPU
		{BA55BDA0-8955-4762-9812-59E367B6C60B}.Release|Any CPU.Build.0 = Release|Any CPU
		{557DCFEE-57B0-48CC-A503-9613F5C7DB2E}.Debug|Any CPU.ActiveCfg = Debug|Any CPU
		{557DCFEE-57B0-48CC-A503-9613F5C7DB2E}.Debug|Any CPU.Build.0 = Debug|Any CPU
		{557DCFEE-57B0-48CC-A503-9613F5C7DB2E}.Release|Any CPU.ActiveCfg = Release|Any CPU
		{557DCFEE-57B0-48CC-A503-9613F5C7DB2E}.Release|Any CPU.Build.0 = Release|Any CPU
		{35840481-B90C-44AD-8017-E494CDDE1D3D}.Debug|Any CPU.ActiveCfg = Debug|Any CPU
		{35840481-B90C-44AD-8017-E494CDDE1D3D}.Debug|Any CPU.Build.0 = Debug|Any CPU
		{35840481-B90C-44AD-8017-E494CDDE1D3D}.Release|Any CPU.ActiveCfg = Release|Any CPU
		{35840481-B90C-44AD-8017-E494CDDE1D3D}.Release|Any CPU.Build.0 = Release|Any CPU
	EndGlobalSection
	GlobalSection(SolutionProperties) = preSolution
		HideSolutionNode = FALSE
	EndGlobalSection
EndGlobal
