
Microsoft Visual Studio Solution File, Format Version 12.00
# Visual Studio 2012
Project("{FAE04EC0-301F-11D3-BF4B-00C04F79EFBC}") = "WebRequestSender", "WebRequestSender.csproj", "{C595F0C2-34E9-4380-98D6-EE1EE828DACF}"
EndProject
Project("{FAE04EC0-301F-11D3-BF4B-00C04F79EFBC}") = "w2.CustomerResources", "..\..\Commons\w2.CustomerResources\w2.CustomerResources.csproj", "{90A4C9CA-3762-4A67-8210-CCC63B78848F}"
EndProject
Global
	GlobalSection(TeamFoundationVersionControl) = preSolution
		SccNumberOfProjects = 3
		SccEnterpriseProvider = {4CA58AB2-18FA-4F8D-95D4-32DDF27D184C}
		SccTeamFoundationServer = http://w2server02:8080/tfs/packagev5
		SccProjectUniqueName0 = WebRequestSender.csproj
		SccLocalPath0 = .
		SccProjectUniqueName1 = ..\\..\\Commons\\w2.CustomerResources\\w2.CustomerResources.csproj
		SccProjectName1 = ../../Commons/w2.CustomerResources
		SccLocalPath1 = ..\\..\\Commons\\w2.CustomerResources
		SccLocalPath2 = .
	EndGlobalSection
	GlobalSection(SolutionConfigurationPlatforms) = preSolution
		Debug|Any CPU = Debug|Any CPU
		Release|Any CPU = Release|Any CPU
	EndGlobalSection
	GlobalSection(ProjectConfigurationPlatforms) = postSolution
		{C595F0C2-34E9-4380-98D6-EE1EE828DACF}.Debug|Any CPU.ActiveCfg = Debug|Any CPU
		{C595F0C2-34E9-4380-98D6-EE1EE828DACF}.Debug|Any CPU.Build.0 = Debug|Any CPU
		{C595F0C2-34E9-4380-98D6-EE1EE828DACF}.Release|Any CPU.ActiveCfg = Release|Any CPU
		{C595F0C2-34E9-4380-98D6-EE1EE828DACF}.Release|Any CPU.Build.0 = Release|Any CPU
		{90A4C9CA-3762-4A67-8210-CCC63B78848F}.Debug|Any CPU.ActiveCfg = Debug|Any CPU
		{90A4C9CA-3762-4A67-8210-CCC63B78848F}.Debug|Any CPU.Build.0 = Debug|Any CPU
		{90A4C9CA-3762-4A67-8210-CCC63B78848F}.Release|Any CPU.ActiveCfg = Release|Any CPU
		{90A4C9CA-3762-4A67-8210-CCC63B78848F}.Release|Any CPU.Build.0 = Release|Any CPU
	EndGlobalSection
	GlobalSection(SolutionProperties) = preSolution
		HideSolutionNode = FALSE
	EndGlobalSection
EndGlobal
