
Microsoft Visual Studio Solution File, Format Version 12.00
# Visual Studio 2012
Project("{FAE04EC0-301F-11D3-BF4B-00C04F79EFBC}") = "w2.TestPluginLib", "w2.TestPluginLib.csproj", "{B1333232-4BDF-4CE7-860D-A743F61E4031}"
EndProject
Project("{FAE04EC0-301F-11D3-BF4B-00C04F79EFBC}") = "w2.Plugin", "..\..\Commons\w2.Plugin\w2.Plugin.csproj", "{35840481-B90C-44AD-8017-E494CDDE1D3D}"
EndProject
Project("{FAE04EC0-301F-11D3-BF4B-00C04F79EFBC}") = "Test.TestPluginLib", "..\Test.TestPluginLib\Test.TestPluginLib.csproj", "{3B6CB807-2CF5-49D3-85D3-0BEC4EC96212}"
EndProject
Global
	GlobalSection(TeamFoundationVersionControl) = preSolution
		SccNumberOfProjects = 4
		SccEnterpriseProvider = {4CA58AB2-18FA-4F8D-95D4-32DDF27D184C}
		SccTeamFoundationServer = http://w2server02:8080/tfs/packagev5
		SccLocalPath0 = .
		SccProjectUniqueName1 = ..\\..\\Commons\\w2.Plugin\\w2.Plugin.csproj
		SccProjectName1 = ../../Commons/w2.Plugin
		SccLocalPath1 = ..\\..\\Commons\\w2.Plugin
		SccProjectUniqueName2 = w2.TestPluginLib.csproj
		SccLocalPath2 = .
		SccProjectUniqueName3 = ..\\Test.TestPluginLib\\Test.TestPluginLib.csproj
		SccProjectName3 = ../Test.TestPluginLib
		SccLocalPath3 = ..\\Test.TestPluginLib
	EndGlobalSection
	GlobalSection(SolutionConfigurationPlatforms) = preSolution
		Debug|Any CPU = Debug|Any CPU
		Release|Any CPU = Release|Any CPU
	EndGlobalSection
	GlobalSection(ProjectConfigurationPlatforms) = postSolution
		{B1333232-4BDF-4CE7-860D-A743F61E4031}.Debug|Any CPU.ActiveCfg = Debug|Any CPU
		{B1333232-4BDF-4CE7-860D-A743F61E4031}.Debug|Any CPU.Build.0 = Debug|Any CPU
		{B1333232-4BDF-4CE7-860D-A743F61E4031}.Release|Any CPU.ActiveCfg = Release|Any CPU
		{B1333232-4BDF-4CE7-860D-A743F61E4031}.Release|Any CPU.Build.0 = Release|Any CPU
		{35840481-B90C-44AD-8017-E494CDDE1D3D}.Debug|Any CPU.ActiveCfg = Debug|Any CPU
		{35840481-B90C-44AD-8017-E494CDDE1D3D}.Debug|Any CPU.Build.0 = Debug|Any CPU
		{35840481-B90C-44AD-8017-E494CDDE1D3D}.Release|Any CPU.ActiveCfg = Release|Any CPU
		{35840481-B90C-44AD-8017-E494CDDE1D3D}.Release|Any CPU.Build.0 = Release|Any CPU
		{3B6CB807-2CF5-49D3-85D3-0BEC4EC96212}.Debug|Any CPU.ActiveCfg = Debug|Any CPU
		{3B6CB807-2CF5-49D3-85D3-0BEC4EC96212}.Debug|Any CPU.Build.0 = Debug|Any CPU
		{3B6CB807-2CF5-49D3-85D3-0BEC4EC96212}.Release|Any CPU.ActiveCfg = Release|Any CPU
		{3B6CB807-2CF5-49D3-85D3-0BEC4EC96212}.Release|Any CPU.Build.0 = Release|Any CPU
	EndGlobalSection
	GlobalSection(SolutionProperties) = preSolution
		HideSolutionNode = FALSE
	EndGlobalSection
EndGlobal
