
Microsoft Visual Studio Solution File, Format Version 12.00
# Visual Studio 2012
Project("{FAE04EC0-301F-11D3-BF4B-00C04F79EFBC}") = "TempoStar.w2.Commerce.ExternalAPI", "TempoStar.w2.Commerce.ExternalAPI.csproj", "{04954D72-3BF8-4D05-BB37-C00553B50CFB}"
EndProject
Project("{FAE04EC0-301F-11D3-BF4B-00C04F79EFBC}") = "w2.Domain", "..\..\..\Commons\w2.Domain\w2.Domain.csproj", "{5445DA03-0BFF-4948-9609-BC3C98F933AF}"
EndProject
Project("{FAE04EC0-301F-11D3-BF4B-00C04F79EFBC}") = "w2.Database.Common", "..\..\..\Commons\w2.Database.Common\w2.Database.Common.csproj", "{557DCFEE-57B0-48CC-A503-9613F5C7DB2E}"
EndProject
Project("{FAE04EC0-301F-11D3-BF4B-00C04F79EFBC}") = "w2.ExternalAPI.Common", "..\..\..\Commons\w2.ExternalAPI.Common\w2.ExternalAPI.Common.csproj", "{DE866D0A-5A0E-43EE-AA5B-577982970189}"
EndProject
Project("{FAE04EC0-301F-11D3-BF4B-00C04F79EFBC}") = "w2.App.Common", "..\..\..\Commons\w2.App.Common\w2.App.Common.csproj", "{3BE0C84D-FF68-4882-93DB-EE6120355E5D}"
EndProject
Project("{FAE04EC0-301F-11D3-BF4B-00C04F79EFBC}") = "w2.Common", "..\..\..\Commons\w2.Common\w2.Common.csproj", "{34CB062A-ECB9-448C-9A71-72A0B9D8E1E4}"
EndProject
Project("{FAE04EC0-301F-11D3-BF4B-00C04F79EFBC}") = "FluentFTP", "..\..\..\Commons\FluentFTP\FluentFTP.csproj", "{E963B766-56BF-4966-8917-88C1EE69D61A}"
EndProject
Global
	GlobalSection(TeamFoundationVersionControl) = preSolution
		SccNumberOfProjects = 8
		SccEnterpriseProvider = {4CA58AB2-18FA-4F8D-95D4-32DDF27D184C}
		SccTeamFoundationServer = http://w2server02:8080/tfs/packagev5
		SccProjectUniqueName0 = TempoStar.w2.Commerce.ExternalAPI.csproj
		SccLocalPath0 = .
		SccProjectUniqueName1 = ..\\..\\..\\Commons\\w2.Domain\\w2.Domain.csproj
		SccProjectName1 = ../../../Commons/w2.Domain
		SccLocalPath1 = ..\\..\\..\\Commons\\w2.Domain
		SccProjectUniqueName2 = ..\\..\\..\\Commons\\w2.Database.Common\\w2.Database.Common.csproj
		SccProjectName2 = ../../../Commons/w2.Database.Common
		SccLocalPath2 = ..\\..\\..\\Commons\\w2.Database.Common
		SccProjectUniqueName3 = ..\\..\\..\\Commons\\w2.ExternalAPI.Common\\w2.ExternalAPI.Common.csproj
		SccProjectName3 = ../../../Commons/w2.ExternalAPI.Common
		SccLocalPath3 = ..\\..\\..\\Commons\\w2.ExternalAPI.Common
		SccProjectUniqueName4 = ..\\..\\..\\Commons\\w2.App.Common\\w2.App.Common.csproj
		SccProjectName4 = ../../../Commons/w2.App.Common
		SccLocalPath4 = ..\\..\\..\\Commons\\w2.App.Common
		SccProjectUniqueName5 = ..\\..\\..\\Commons\\w2.Common\\w2.Common.csproj
		SccProjectName5 = ../../../Commons/w2.Common
		SccLocalPath5 = ..\\..\\..\\Commons\\w2.Common
		SccProjectUniqueName6 = ..\\..\\..\\Commons\\FluentFTP\\FluentFTP.csproj
		SccProjectName6 = ../../../Commons/FluentFTP
		SccLocalPath6 = ..\\..\\..\\Commons\\FluentFTP
		SccLocalPath7 = .
	EndGlobalSection
	GlobalSection(SolutionConfigurationPlatforms) = preSolution
		Debug|Any CPU = Debug|Any CPU
		DebugNET2|Any CPU = DebugNET2|Any CPU
		DebugNET35|Any CPU = DebugNET35|Any CPU
		DebugNET4|Any CPU = DebugNET4|Any CPU
		Release|Any CPU = Release|Any CPU
		ReleaseNET2|Any CPU = ReleaseNET2|Any CPU
		ReleaseNET35|Any CPU = ReleaseNET35|Any CPU
		ReleaseNET4|Any CPU = ReleaseNET4|Any CPU
	EndGlobalSection
	GlobalSection(ProjectConfigurationPlatforms) = postSolution
		{04954D72-3BF8-4D05-BB37-C00553B50CFB}.Debug|Any CPU.ActiveCfg = Debug|Any CPU
		{04954D72-3BF8-4D05-BB37-C00553B50CFB}.Debug|Any CPU.Build.0 = Debug|Any CPU
		{04954D72-3BF8-4D05-BB37-C00553B50CFB}.DebugNET2|Any CPU.ActiveCfg = Debug|Any CPU
		{04954D72-3BF8-4D05-BB37-C00553B50CFB}.DebugNET2|Any CPU.Build.0 = Debug|Any CPU
		{04954D72-3BF8-4D05-BB37-C00553B50CFB}.DebugNET35|Any CPU.ActiveCfg = Debug|Any CPU
		{04954D72-3BF8-4D05-BB37-C00553B50CFB}.DebugNET35|Any CPU.Build.0 = Debug|Any CPU
		{04954D72-3BF8-4D05-BB37-C00553B50CFB}.DebugNET4|Any CPU.ActiveCfg = Debug|Any CPU
		{04954D72-3BF8-4D05-BB37-C00553B50CFB}.DebugNET4|Any CPU.Build.0 = Debug|Any CPU
		{04954D72-3BF8-4D05-BB37-C00553B50CFB}.Release|Any CPU.ActiveCfg = Release|Any CPU
		{04954D72-3BF8-4D05-BB37-C00553B50CFB}.Release|Any CPU.Build.0 = Release|Any CPU
		{04954D72-3BF8-4D05-BB37-C00553B50CFB}.ReleaseNET2|Any CPU.ActiveCfg = Release|Any CPU
		{04954D72-3BF8-4D05-BB37-C00553B50CFB}.ReleaseNET2|Any CPU.Build.0 = Release|Any CPU
		{04954D72-3BF8-4D05-BB37-C00553B50CFB}.ReleaseNET35|Any CPU.ActiveCfg = Release|Any CPU
		{04954D72-3BF8-4D05-BB37-C00553B50CFB}.ReleaseNET35|Any CPU.Build.0 = Release|Any CPU
		{04954D72-3BF8-4D05-BB37-C00553B50CFB}.ReleaseNET4|Any CPU.ActiveCfg = Release|Any CPU
		{04954D72-3BF8-4D05-BB37-C00553B50CFB}.ReleaseNET4|Any CPU.Build.0 = Release|Any CPU
		{5445DA03-0BFF-4948-9609-BC3C98F933AF}.Debug|Any CPU.ActiveCfg = Debug|Any CPU
		{5445DA03-0BFF-4948-9609-BC3C98F933AF}.Debug|Any CPU.Build.0 = Debug|Any CPU
		{5445DA03-0BFF-4948-9609-BC3C98F933AF}.DebugNET2|Any CPU.ActiveCfg = Debug|Any CPU
		{5445DA03-0BFF-4948-9609-BC3C98F933AF}.DebugNET2|Any CPU.Build.0 = Debug|Any CPU
		{5445DA03-0BFF-4948-9609-BC3C98F933AF}.DebugNET35|Any CPU.ActiveCfg = Debug|Any CPU
		{5445DA03-0BFF-4948-9609-BC3C98F933AF}.DebugNET35|Any CPU.Build.0 = Debug|Any CPU
		{5445DA03-0BFF-4948-9609-BC3C98F933AF}.DebugNET4|Any CPU.ActiveCfg = Debug|Any CPU
		{5445DA03-0BFF-4948-9609-BC3C98F933AF}.DebugNET4|Any CPU.Build.0 = Debug|Any CPU
		{5445DA03-0BFF-4948-9609-BC3C98F933AF}.Release|Any CPU.ActiveCfg = Release|Any CPU
		{5445DA03-0BFF-4948-9609-BC3C98F933AF}.Release|Any CPU.Build.0 = Release|Any CPU
		{5445DA03-0BFF-4948-9609-BC3C98F933AF}.ReleaseNET2|Any CPU.ActiveCfg = Release|Any CPU
		{5445DA03-0BFF-4948-9609-BC3C98F933AF}.ReleaseNET2|Any CPU.Build.0 = Release|Any CPU
		{5445DA03-0BFF-4948-9609-BC3C98F933AF}.ReleaseNET35|Any CPU.ActiveCfg = Release|Any CPU
		{5445DA03-0BFF-4948-9609-BC3C98F933AF}.ReleaseNET35|Any CPU.Build.0 = Release|Any CPU
		{5445DA03-0BFF-4948-9609-BC3C98F933AF}.ReleaseNET4|Any CPU.ActiveCfg = Release|Any CPU
		{5445DA03-0BFF-4948-9609-BC3C98F933AF}.ReleaseNET4|Any CPU.Build.0 = Release|Any CPU
		{557DCFEE-57B0-48CC-A503-9613F5C7DB2E}.Debug|Any CPU.ActiveCfg = Debug|Any CPU
		{557DCFEE-57B0-48CC-A503-9613F5C7DB2E}.Debug|Any CPU.Build.0 = Debug|Any CPU
		{557DCFEE-57B0-48CC-A503-9613F5C7DB2E}.DebugNET2|Any CPU.ActiveCfg = Debug|Any CPU
		{557DCFEE-57B0-48CC-A503-9613F5C7DB2E}.DebugNET2|Any CPU.Build.0 = Debug|Any CPU
		{557DCFEE-57B0-48CC-A503-9613F5C7DB2E}.DebugNET35|Any CPU.ActiveCfg = Debug|Any CPU
		{557DCFEE-57B0-48CC-A503-9613F5C7DB2E}.DebugNET35|Any CPU.Build.0 = Debug|Any CPU
		{557DCFEE-57B0-48CC-A503-9613F5C7DB2E}.DebugNET4|Any CPU.ActiveCfg = Debug|Any CPU
		{557DCFEE-57B0-48CC-A503-9613F5C7DB2E}.DebugNET4|Any CPU.Build.0 = Debug|Any CPU
		{557DCFEE-57B0-48CC-A503-9613F5C7DB2E}.Release|Any CPU.ActiveCfg = Release|Any CPU
		{557DCFEE-57B0-48CC-A503-9613F5C7DB2E}.Release|Any CPU.Build.0 = Release|Any CPU
		{557DCFEE-57B0-48CC-A503-9613F5C7DB2E}.ReleaseNET2|Any CPU.ActiveCfg = Release|Any CPU
		{557DCFEE-57B0-48CC-A503-9613F5C7DB2E}.ReleaseNET2|Any CPU.Build.0 = Release|Any CPU
		{557DCFEE-57B0-48CC-A503-9613F5C7DB2E}.ReleaseNET35|Any CPU.ActiveCfg = Release|Any CPU
		{557DCFEE-57B0-48CC-A503-9613F5C7DB2E}.ReleaseNET35|Any CPU.Build.0 = Release|Any CPU
		{557DCFEE-57B0-48CC-A503-9613F5C7DB2E}.ReleaseNET4|Any CPU.ActiveCfg = Release|Any CPU
		{557DCFEE-57B0-48CC-A503-9613F5C7DB2E}.ReleaseNET4|Any CPU.Build.0 = Release|Any CPU
		{DE866D0A-5A0E-43EE-AA5B-577982970189}.Debug|Any CPU.ActiveCfg = Debug|Any CPU
		{DE866D0A-5A0E-43EE-AA5B-577982970189}.Debug|Any CPU.Build.0 = Debug|Any CPU
		{DE866D0A-5A0E-43EE-AA5B-577982970189}.DebugNET2|Any CPU.ActiveCfg = Debug|Any CPU
		{DE866D0A-5A0E-43EE-AA5B-577982970189}.DebugNET2|Any CPU.Build.0 = Debug|Any CPU
		{DE866D0A-5A0E-43EE-AA5B-577982970189}.DebugNET35|Any CPU.ActiveCfg = Debug|Any CPU
		{DE866D0A-5A0E-43EE-AA5B-577982970189}.DebugNET35|Any CPU.Build.0 = Debug|Any CPU
		{DE866D0A-5A0E-43EE-AA5B-577982970189}.DebugNET4|Any CPU.ActiveCfg = Debug|Any CPU
		{DE866D0A-5A0E-43EE-AA5B-577982970189}.DebugNET4|Any CPU.Build.0 = Debug|Any CPU
		{DE866D0A-5A0E-43EE-AA5B-577982970189}.Release|Any CPU.ActiveCfg = Release|Any CPU
		{DE866D0A-5A0E-43EE-AA5B-577982970189}.Release|Any CPU.Build.0 = Release|Any CPU
		{DE866D0A-5A0E-43EE-AA5B-577982970189}.ReleaseNET2|Any CPU.ActiveCfg = Release|Any CPU
		{DE866D0A-5A0E-43EE-AA5B-577982970189}.ReleaseNET2|Any CPU.Build.0 = Release|Any CPU
		{DE866D0A-5A0E-43EE-AA5B-577982970189}.ReleaseNET35|Any CPU.ActiveCfg = Release|Any CPU
		{DE866D0A-5A0E-43EE-AA5B-577982970189}.ReleaseNET35|Any CPU.Build.0 = Release|Any CPU
		{DE866D0A-5A0E-43EE-AA5B-577982970189}.ReleaseNET4|Any CPU.ActiveCfg = Release|Any CPU
		{DE866D0A-5A0E-43EE-AA5B-577982970189}.ReleaseNET4|Any CPU.Build.0 = Release|Any CPU
		{3BE0C84D-FF68-4882-93DB-EE6120355E5D}.Debug|Any CPU.ActiveCfg = Debug|Any CPU
		{3BE0C84D-FF68-4882-93DB-EE6120355E5D}.Debug|Any CPU.Build.0 = Debug|Any CPU
		{3BE0C84D-FF68-4882-93DB-EE6120355E5D}.DebugNET2|Any CPU.ActiveCfg = Debug|Any CPU
		{3BE0C84D-FF68-4882-93DB-EE6120355E5D}.DebugNET2|Any CPU.Build.0 = Debug|Any CPU
		{3BE0C84D-FF68-4882-93DB-EE6120355E5D}.DebugNET35|Any CPU.ActiveCfg = Debug|Any CPU
		{3BE0C84D-FF68-4882-93DB-EE6120355E5D}.DebugNET35|Any CPU.Build.0 = Debug|Any CPU
		{3BE0C84D-FF68-4882-93DB-EE6120355E5D}.DebugNET4|Any CPU.ActiveCfg = Debug|Any CPU
		{3BE0C84D-FF68-4882-93DB-EE6120355E5D}.DebugNET4|Any CPU.Build.0 = Debug|Any CPU
		{3BE0C84D-FF68-4882-93DB-EE6120355E5D}.Release|Any CPU.ActiveCfg = Release|Any CPU
		{3BE0C84D-FF68-4882-93DB-EE6120355E5D}.Release|Any CPU.Build.0 = Release|Any CPU
		{3BE0C84D-FF68-4882-93DB-EE6120355E5D}.ReleaseNET2|Any CPU.ActiveCfg = Release|Any CPU
		{3BE0C84D-FF68-4882-93DB-EE6120355E5D}.ReleaseNET2|Any CPU.Build.0 = Release|Any CPU
		{3BE0C84D-FF68-4882-93DB-EE6120355E5D}.ReleaseNET35|Any CPU.ActiveCfg = Release|Any CPU
		{3BE0C84D-FF68-4882-93DB-EE6120355E5D}.ReleaseNET35|Any CPU.Build.0 = Release|Any CPU
		{3BE0C84D-FF68-4882-93DB-EE6120355E5D}.ReleaseNET4|Any CPU.ActiveCfg = Release|Any CPU
		{3BE0C84D-FF68-4882-93DB-EE6120355E5D}.ReleaseNET4|Any CPU.Build.0 = Release|Any CPU
		{34CB062A-ECB9-448C-9A71-72A0B9D8E1E4}.Debug|Any CPU.ActiveCfg = Debug|Any CPU
		{34CB062A-ECB9-448C-9A71-72A0B9D8E1E4}.Debug|Any CPU.Build.0 = Debug|Any CPU
		{34CB062A-ECB9-448C-9A71-72A0B9D8E1E4}.DebugNET2|Any CPU.ActiveCfg = Debug|Any CPU
		{34CB062A-ECB9-448C-9A71-72A0B9D8E1E4}.DebugNET2|Any CPU.Build.0 = Debug|Any CPU
		{34CB062A-ECB9-448C-9A71-72A0B9D8E1E4}.DebugNET35|Any CPU.ActiveCfg = Debug|Any CPU
		{34CB062A-ECB9-448C-9A71-72A0B9D8E1E4}.DebugNET35|Any CPU.Build.0 = Debug|Any CPU
		{34CB062A-ECB9-448C-9A71-72A0B9D8E1E4}.DebugNET4|Any CPU.ActiveCfg = Debug|Any CPU
		{34CB062A-ECB9-448C-9A71-72A0B9D8E1E4}.DebugNET4|Any CPU.Build.0 = Debug|Any CPU
		{34CB062A-ECB9-448C-9A71-72A0B9D8E1E4}.Release|Any CPU.ActiveCfg = Release|Any CPU
		{34CB062A-ECB9-448C-9A71-72A0B9D8E1E4}.Release|Any CPU.Build.0 = Release|Any CPU
		{34CB062A-ECB9-448C-9A71-72A0B9D8E1E4}.ReleaseNET2|Any CPU.ActiveCfg = Release|Any CPU
		{34CB062A-ECB9-448C-9A71-72A0B9D8E1E4}.ReleaseNET2|Any CPU.Build.0 = Release|Any CPU
		{34CB062A-ECB9-448C-9A71-72A0B9D8E1E4}.ReleaseNET35|Any CPU.ActiveCfg = Release|Any CPU
		{34CB062A-ECB9-448C-9A71-72A0B9D8E1E4}.ReleaseNET35|Any CPU.Build.0 = Release|Any CPU
		{34CB062A-ECB9-448C-9A71-72A0B9D8E1E4}.ReleaseNET4|Any CPU.ActiveCfg = Release|Any CPU
		{34CB062A-ECB9-448C-9A71-72A0B9D8E1E4}.ReleaseNET4|Any CPU.Build.0 = Release|Any CPU
		{E963B766-56BF-4966-8917-88C1EE69D61A}.Debug|Any CPU.ActiveCfg = Debug|Any CPU
		{E963B766-56BF-4966-8917-88C1EE69D61A}.Debug|Any CPU.Build.0 = Debug|Any CPU
		{E963B766-56BF-4966-8917-88C1EE69D61A}.DebugNET2|Any CPU.ActiveCfg = DebugNET2|Any CPU
		{E963B766-56BF-4966-8917-88C1EE69D61A}.DebugNET2|Any CPU.Build.0 = DebugNET2|Any CPU
		{E963B766-56BF-4966-8917-88C1EE69D61A}.DebugNET35|Any CPU.ActiveCfg = DebugNET35|Any CPU
		{E963B766-56BF-4966-8917-88C1EE69D61A}.DebugNET35|Any CPU.Build.0 = DebugNET35|Any CPU
		{E963B766-56BF-4966-8917-88C1EE69D61A}.DebugNET4|Any CPU.ActiveCfg = DebugNET4|Any CPU
		{E963B766-56BF-4966-8917-88C1EE69D61A}.DebugNET4|Any CPU.Build.0 = DebugNET4|Any CPU
		{E963B766-56BF-4966-8917-88C1EE69D61A}.Release|Any CPU.ActiveCfg = Release|Any CPU
		{E963B766-56BF-4966-8917-88C1EE69D61A}.Release|Any CPU.Build.0 = Release|Any CPU
		{E963B766-56BF-4966-8917-88C1EE69D61A}.ReleaseNET2|Any CPU.ActiveCfg = ReleaseNET2|Any CPU
		{E963B766-56BF-4966-8917-88C1EE69D61A}.ReleaseNET2|Any CPU.Build.0 = ReleaseNET2|Any CPU
		{E963B766-56BF-4966-8917-88C1EE69D61A}.ReleaseNET35|Any CPU.ActiveCfg = ReleaseNET35|Any CPU
		{E963B766-56BF-4966-8917-88C1EE69D61A}.ReleaseNET35|Any CPU.Build.0 = ReleaseNET35|Any CPU
		{E963B766-56BF-4966-8917-88C1EE69D61A}.ReleaseNET4|Any CPU.ActiveCfg = ReleaseNET4|Any CPU
		{E963B766-56BF-4966-8917-88C1EE69D61A}.ReleaseNET4|Any CPU.Build.0 = ReleaseNET4|Any CPU
	EndGlobalSection
	GlobalSection(SolutionProperties) = preSolution
		HideSolutionNode = FALSE
	EndGlobalSection
EndGlobal
