
Microsoft Visual Studio Solution File, Format Version 12.00
# Visual Studio 2012
Project("{FAE04EC0-301F-11D3-BF4B-00C04F79EFBC}") = "w2.Plugin.P0011_Intercom", "w2.Plugin.P0011_Intercom\w2.Plugin.P0011_Intercom.csproj", "{30CD6C64-110C-45DA-85A1-2CD80B846426}"
EndProject
Project("{FAE04EC0-301F-11D3-BF4B-00C04F79EFBC}") = "w2.Plugin.P0011_Intercom.CooperationWebService", "w2.Plugin.P0011_Intercom.CooperationWebService\w2.Plugin.P0011_Intercom.CooperationWebService.csproj", "{8B559BBF-1DDE-421C-A566-68CC0C449E14}"
EndProject
Project("{FAE04EC0-301F-11D3-BF4B-00C04F79EFBC}") = "Test.w2.Plugin.P0011_Intercom", "Test.w2.Plugin.P0011_Intercom\Test.w2.Plugin.P0011_Intercom.csproj", "{E2FD1845-6FE5-4E4E-BE18-F3C5C7C931B8}"
EndProject
Project("{2150E333-8FDC-42A3-9474-1A3956D46DE8}") = "Solution Items", "Solution Items", "{90527212-936A-48D9-B547-B0997E3CC241}"
EndProject
Project("{FAE04EC0-301F-11D3-BF4B-00C04F79EFBC}") = "w2.Plugin", "..\..\Commons\w2.Plugin\w2.Plugin.csproj", "{35840481-B90C-44AD-8017-E494CDDE1D3D}"
EndProject
Project("{FAE04EC0-301F-11D3-BF4B-00C04F79EFBC}") = "w2.Crypto", "w2.Plugin.P0011_Intercom.Crypto\w2.Crypto.csproj", "{725A6B11-6878-4714-8AA1-B2AF111B5C2F}"
EndProject
Project("{FAE04EC0-301F-11D3-BF4B-00C04F79EFBC}") = "w2.Plugin.P0011_Intercom.ReSync", "w2.Plugin.P0011_Intercom.ReSync\w2.Plugin.P0011_Intercom.ReSync.csproj", "{7137F18D-022B-4540-8910-C663947ED5B6}"
EndProject
Global
	GlobalSection(TeamFoundationVersionControl) = preSolution
		SccNumberOfProjects = 7
		SccEnterpriseProvider = {4CA58AB2-18FA-4F8D-95D4-32DDF27D184C}
		SccTeamFoundationServer = http://w2server02:8080/tfs/packagev5
		SccLocalPath0 = .
		SccProjectUniqueName1 = w2.Plugin.P0011_Intercom\\w2.Plugin.P0011_Intercom.csproj
		SccProjectName1 = w2.Plugin.P0011_Intercom
		SccLocalPath1 = w2.Plugin.P0011_Intercom
		SccProjectUniqueName2 = w2.Plugin.P0011_Intercom.CooperationWebService\\w2.Plugin.P0011_Intercom.CooperationWebService.csproj
		SccProjectName2 = w2.Plugin.P0011_Intercom.CooperationWebService
		SccLocalPath2 = w2.Plugin.P0011_Intercom.CooperationWebService
		SccProjectUniqueName3 = Test.w2.Plugin.P0011_Intercom\\Test.w2.Plugin.P0011_Intercom.csproj
		SccProjectName3 = Test.w2.Plugin.P0011_Intercom
		SccLocalPath3 = Test.w2.Plugin.P0011_Intercom
		SccProjectUniqueName4 = ..\\..\\Commons\\w2.Plugin\\w2.Plugin.csproj
		SccProjectName4 = ../../Commons/w2.Plugin
		SccLocalPath4 = ..\\..\\Commons\\w2.Plugin
		SccProjectUniqueName5 = w2.Plugin.P0011_Intercom.Crypto\\w2.Crypto.csproj
		SccProjectName5 = w2.Plugin.P0011_Intercom.Crypto
		SccLocalPath5 = w2.Plugin.P0011_Intercom.Crypto
		SccProjectUniqueName6 = w2.Plugin.P0011_Intercom.ReSync\\w2.Plugin.P0011_Intercom.ReSync.csproj
		SccProjectName6 = w2.Plugin.P0011_Intercom.ReSync
		SccLocalPath6 = w2.Plugin.P0011_Intercom.ReSync
	EndGlobalSection
	GlobalSection(SolutionConfigurationPlatforms) = preSolution
		Debug|Any CPU = Debug|Any CPU
		Release|Any CPU = Release|Any CPU
	EndGlobalSection
	GlobalSection(ProjectConfigurationPlatforms) = postSolution
		{30CD6C64-110C-45DA-85A1-2CD80B846426}.Debug|Any CPU.ActiveCfg = Debug|Any CPU
		{30CD6C64-110C-45DA-85A1-2CD80B846426}.Debug|Any CPU.Build.0 = Debug|Any CPU
		{30CD6C64-110C-45DA-85A1-2CD80B846426}.Release|Any CPU.ActiveCfg = Release|Any CPU
		{30CD6C64-110C-45DA-85A1-2CD80B846426}.Release|Any CPU.Build.0 = Release|Any CPU
		{8B559BBF-1DDE-421C-A566-68CC0C449E14}.Debug|Any CPU.ActiveCfg = Debug|Any CPU
		{8B559BBF-1DDE-421C-A566-68CC0C449E14}.Debug|Any CPU.Build.0 = Debug|Any CPU
		{8B559BBF-1DDE-421C-A566-68CC0C449E14}.Release|Any CPU.ActiveCfg = Release|Any CPU
		{8B559BBF-1DDE-421C-A566-68CC0C449E14}.Release|Any CPU.Build.0 = Release|Any CPU
		{E2FD1845-6FE5-4E4E-BE18-F3C5C7C931B8}.Debug|Any CPU.ActiveCfg = Debug|Any CPU
		{E2FD1845-6FE5-4E4E-BE18-F3C5C7C931B8}.Debug|Any CPU.Build.0 = Debug|Any CPU
		{E2FD1845-6FE5-4E4E-BE18-F3C5C7C931B8}.Release|Any CPU.ActiveCfg = Release|Any CPU
		{E2FD1845-6FE5-4E4E-BE18-F3C5C7C931B8}.Release|Any CPU.Build.0 = Release|Any CPU
		{35840481-B90C-44AD-8017-E494CDDE1D3D}.Debug|Any CPU.ActiveCfg = Debug|Any CPU
		{35840481-B90C-44AD-8017-E494CDDE1D3D}.Debug|Any CPU.Build.0 = Debug|Any CPU
		{35840481-B90C-44AD-8017-E494CDDE1D3D}.Release|Any CPU.ActiveCfg = Release|Any CPU
		{35840481-B90C-44AD-8017-E494CDDE1D3D}.Release|Any CPU.Build.0 = Release|Any CPU
		{725A6B11-6878-4714-8AA1-B2AF111B5C2F}.Debug|Any CPU.ActiveCfg = Debug|Any CPU
		{725A6B11-6878-4714-8AA1-B2AF111B5C2F}.Debug|Any CPU.Build.0 = Debug|Any CPU
		{725A6B11-6878-4714-8AA1-B2AF111B5C2F}.Release|Any CPU.ActiveCfg = Release|Any CPU
		{725A6B11-6878-4714-8AA1-B2AF111B5C2F}.Release|Any CPU.Build.0 = Release|Any CPU
		{7137F18D-022B-4540-8910-C663947ED5B6}.Debug|Any CPU.ActiveCfg = Debug|Any CPU
		{7137F18D-022B-4540-8910-C663947ED5B6}.Debug|Any CPU.Build.0 = Debug|Any CPU
		{7137F18D-022B-4540-8910-C663947ED5B6}.Release|Any CPU.ActiveCfg = Release|Any CPU
		{7137F18D-022B-4540-8910-C663947ED5B6}.Release|Any CPU.Build.0 = Release|Any CPU
	EndGlobalSection
	GlobalSection(SolutionProperties) = preSolution
		HideSolutionNode = FALSE
	EndGlobalSection
EndGlobal
